
Microsoft Visual Studio Solution File, Format Version 12.00
# Visual Studio 15
VisualStudioVersion = 15.0.28010.2046
MinimumVisualStudioVersion = 10.0.40219.1
Project("{8BC9CEB8-8B4A-11D0-8D11-00A0C91BC942}") = "HelloWorld", "Project1\Project1.vcxproj", "{B775EFB3-4244-41A2-A8FB-5C5FCD57D31E}"
EndProject
Project("{8BC9CEB8-8B4A-11D0-8D11-00A0C91BC942}") = "Aufgabe2_1", "Praktikum2\Praktikum2.vcxproj", "{D36A3DF0-6446-4E6E-BF43-337B4A75486D}"
EndProject
Project("{2150E333-8FDC-42A3-9474-1A3956D46DE8}") = "Praktikum_2", "Praktikum_2", "{1B2B7C19-0DDD-481E-B0FC-3CBC1B2CBFCB}"
EndProject
Project("{8BC9CEB8-8B4A-11D0-8D11-00A0C91BC942}") = "Aufgabe2_2", "Aufgabe2_2\Aufgabe2_2.vcxproj", "{17608F7B-5529-408C-9FF6-C78D9445DDD6}"
EndProject
Project("{8BC9CEB8-8B4A-11D0-8D11-00A0C91BC942}") = "Aufgabe2_3", "Aufgabe2_3\Aufgabe2_3.vcxproj", "{F00CCA9D-F26D-48FC-B776-4820EC825EE1}"
EndProject
Project("{8BC9CEB8-8B4A-11D0-8D11-00A0C91BC942}") = "Aufgabe2_4", "Aufgabe2_4\Aufgabe2_4.vcxproj", "{929E4DCD-D961-4EAE-9830-6BFC17194D29}"
EndProject
Project("{8BC9CEB8-8B4A-11D0-8D11-00A0C91BC942}") = "Aufgabe2_5", "Aufgabe2_5\Aufgabe2_5.vcxproj", "{9AE0D826-C9D6-4DB8-98B2-98619C75A037}"
EndProject
Project("{2150E333-8FDC-42A3-9474-1A3956D46DE8}") = "Offline-Aufgaben", "Offline-Aufgaben", "{17308BF6-0334-4C4E-81B9-A2E51814626F}"
EndProject
Project("{8BC9CEB8-8B4A-11D0-8D11-00A0C91BC942}") = "Aufgabe_1_1", "Aufgabe_1\Aufgabe_1.vcxproj", "{3B7A8706-A317-4337-8394-5533B608B457}"
EndProject
Project("{8BC9CEB8-8B4A-11D0-8D11-00A0C91BC942}") = "Aufgabe_2_1", "Aufgabe_2\Aufgabe_2.vcxproj", "{0AB76756-D81A-4956-9086-DDEB3998573F}"
EndProject
Project("{8BC9CEB8-8B4A-11D0-8D11-00A0C91BC942}") = "Aufgabe_2_2", "Aufgabe_2_2\Aufgabe_2_2.vcxproj", "{30DEE5DB-5D37-4F4B-A4AB-A05D66C282DD}"
EndProject
Project("{2150E333-8FDC-42A3-9474-1A3956D46DE8}") = "Aufgabe_2", "Aufgabe_2", "{A9031039-8C7B-41AC-953F-FC1A39C26346}"
EndProject
Project("{2150E333-8FDC-42A3-9474-1A3956D46DE8}") = "Aufgabe_1", "Aufgabe_1", "{DAB7CF1E-C4A1-4BFC-8D57-2AD69433DD6B}"
EndProject
Project("{8BC9CEB8-8B4A-11D0-8D11-00A0C91BC942}") = "Aufgabe_2_3", "Aufgabe_2_3\Aufgabe_2_3.vcxproj", "{1D551C01-D0B9-45A6-8B42-A40B1562AD5B}"
EndProject
Project("{2150E333-8FDC-42A3-9474-1A3956D46DE8}") = "Praktikum_3", "Praktikum_3", "{73343828-5FE9-41A6-BAE1-63C8ECB3ED59}"
EndProject
Project("{8BC9CEB8-8B4A-11D0-8D11-00A0C91BC942}") = "Aufgabe3_1", "Aufgabe3_1\Aufgabe3_1.vcxproj", "{9AE7C132-B6D0-466F-8FC7-ACFBE3F34196}"
EndProject
Project("{8BC9CEB8-8B4A-11D0-8D11-00A0C91BC942}") = "Aufgabe3_2", "Aufgabe3_2\Aufgabe3_2.vcxproj", "{492A11E1-665C-4F4E-8DDE-DBC9639BDD5B}"
EndProject
Project("{8BC9CEB8-8B4A-11D0-8D11-00A0C91BC942}") = "Aufgabe3_3", "Aufgabe3_3\Aufgabe3_3.vcxproj", "{B47DAE87-EFC7-46E4-A51D-90434D340807}"
EndProject
Project("{2150E333-8FDC-42A3-9474-1A3956D46DE8}") = "Praktika", "Praktika", "{FA8F83DE-DF94-4AB3-96F9-2795B3F83887}"
EndProject
Project("{2150E333-8FDC-42A3-9474-1A3956D46DE8}") = "Aufgabe_3", "Aufgabe_3", "{6972E928-7285-4107-9627-BABE8858585A}"
EndProject
Project("{8BC9CEB8-8B4A-11D0-8D11-00A0C91BC942}") = "Aufagbe_3_1", "Aufagbe_3\Aufagbe_3.vcxproj", "{9AEB9027-B492-464F-959E-6678A8B67614}"
EndProject
Project("{2150E333-8FDC-42A3-9474-1A3956D46DE8}") = "Praktikum_4", "Praktikum_4", "{254EF0CF-3054-4AC6-94D0-4D7211801CEE}"
EndProject
Project("{8BC9CEB8-8B4A-11D0-8D11-00A0C91BC942}") = "Aufgabe4_1", "Aufgabe4_1\Aufgabe4_1.vcxproj", "{C1967EF0-EB5A-4074-915A-43DBCDF6AF08}"
EndProject
Project("{8BC9CEB8-8B4A-11D0-8D11-00A0C91BC942}") = "Aufgabe4_2", "Aufgabe4_2\Aufgabe4_2.vcxproj", "{044559E7-C514-4986-8121-E27468564EB9}"
EndProject
Project("{8BC9CEB8-8B4A-11D0-8D11-00A0C91BC942}") = "Aufgabe4_3", "Aufgabe4_3\Aufgabe4_3.vcxproj", "{672C10A1-61D4-4BF1-8733-CA882A2432BC}"
EndProject
Global
	GlobalSection(SolutionConfigurationPlatforms) = preSolution
		Debug|x64 = Debug|x64
		Debug|x86 = Debug|x86
		Release|x64 = Release|x64
		Release|x86 = Release|x86
	EndGlobalSection
	GlobalSection(ProjectConfigurationPlatforms) = postSolution
		{B775EFB3-4244-41A2-A8FB-5C5FCD57D31E}.Debug|x64.ActiveCfg = Debug|x64
		{B775EFB3-4244-41A2-A8FB-5C5FCD57D31E}.Debug|x64.Build.0 = Debug|x64
		{B775EFB3-4244-41A2-A8FB-5C5FCD57D31E}.Debug|x86.ActiveCfg = Debug|Win32
		{B775EFB3-4244-41A2-A8FB-5C5FCD57D31E}.Debug|x86.Build.0 = Debug|Win32
		{B775EFB3-4244-41A2-A8FB-5C5FCD57D31E}.Release|x64.ActiveCfg = Release|x64
		{B775EFB3-4244-41A2-A8FB-5C5FCD57D31E}.Release|x64.Build.0 = Release|x64
		{B775EFB3-4244-41A2-A8FB-5C5FCD57D31E}.Release|x86.ActiveCfg = Release|Win32
		{B775EFB3-4244-41A2-A8FB-5C5FCD57D31E}.Release|x86.Build.0 = Release|Win32
		{D36A3DF0-6446-4E6E-BF43-337B4A75486D}.Debug|x64.ActiveCfg = Debug|x64
		{D36A3DF0-6446-4E6E-BF43-337B4A75486D}.Debug|x64.Build.0 = Debug|x64
		{D36A3DF0-6446-4E6E-BF43-337B4A75486D}.Debug|x86.ActiveCfg = Debug|Win32
		{D36A3DF0-6446-4E6E-BF43-337B4A75486D}.Debug|x86.Build.0 = Debug|Win32
		{D36A3DF0-6446-4E6E-BF43-337B4A75486D}.Release|x64.ActiveCfg = Release|x64
		{D36A3DF0-6446-4E6E-BF43-337B4A75486D}.Release|x64.Build.0 = Release|x64
		{D36A3DF0-6446-4E6E-BF43-337B4A75486D}.Release|x86.ActiveCfg = Release|Win32
		{D36A3DF0-6446-4E6E-BF43-337B4A75486D}.Release|x86.Build.0 = Release|Win32
		{17608F7B-5529-408C-9FF6-C78D9445DDD6}.Debug|x64.ActiveCfg = Debug|x64
		{17608F7B-5529-408C-9FF6-C78D9445DDD6}.Debug|x64.Build.0 = Debug|x64
		{17608F7B-5529-408C-9FF6-C78D9445DDD6}.Debug|x86.ActiveCfg = Debug|Win32
		{17608F7B-5529-408C-9FF6-C78D9445DDD6}.Debug|x86.Build.0 = Debug|Win32
		{17608F7B-5529-408C-9FF6-C78D9445DDD6}.Release|x64.ActiveCfg = Release|x64
		{17608F7B-5529-408C-9FF6-C78D9445DDD6}.Release|x64.Build.0 = Release|x64
		{17608F7B-5529-408C-9FF6-C78D9445DDD6}.Release|x86.ActiveCfg = Release|Win32
		{17608F7B-5529-408C-9FF6-C78D9445DDD6}.Release|x86.Build.0 = Release|Win32
		{F00CCA9D-F26D-48FC-B776-4820EC825EE1}.Debug|x64.ActiveCfg = Debug|x64
		{F00CCA9D-F26D-48FC-B776-4820EC825EE1}.Debug|x64.Build.0 = Debug|x64
		{F00CCA9D-F26D-48FC-B776-4820EC825EE1}.Debug|x86.ActiveCfg = Debug|Win32
		{F00CCA9D-F26D-48FC-B776-4820EC825EE1}.Debug|x86.Build.0 = Debug|Win32
		{F00CCA9D-F26D-48FC-B776-4820EC825EE1}.Release|x64.ActiveCfg = Release|x64
		{F00CCA9D-F26D-48FC-B776-4820EC825EE1}.Release|x64.Build.0 = Release|x64
		{F00CCA9D-F26D-48FC-B776-4820EC825EE1}.Release|x86.ActiveCfg = Release|Win32
		{F00CCA9D-F26D-48FC-B776-4820EC825EE1}.Release|x86.Build.0 = Release|Win32
		{929E4DCD-D961-4EAE-9830-6BFC17194D29}.Debug|x64.ActiveCfg = Debug|x64
		{929E4DCD-D961-4EAE-9830-6BFC17194D29}.Debug|x64.Build.0 = Debug|x64
		{929E4DCD-D961-4EAE-9830-6BFC17194D29}.Debug|x86.ActiveCfg = Debug|Win32
		{929E4DCD-D961-4EAE-9830-6BFC17194D29}.Debug|x86.Build.0 = Debug|Win32
		{929E4DCD-D961-4EAE-9830-6BFC17194D29}.Release|x64.ActiveCfg = Release|x64
		{929E4DCD-D961-4EAE-9830-6BFC17194D29}.Release|x64.Build.0 = Release|x64
		{929E4DCD-D961-4EAE-9830-6BFC17194D29}.Release|x86.ActiveCfg = Release|Win32
		{929E4DCD-D961-4EAE-9830-6BFC17194D29}.Release|x86.Build.0 = Release|Win32
		{9AE0D826-C9D6-4DB8-98B2-98619C75A037}.Debug|x64.ActiveCfg = Debug|x64
		{9AE0D826-C9D6-4DB8-98B2-98619C75A037}.Debug|x64.Build.0 = Debug|x64
		{9AE0D826-C9D6-4DB8-98B2-98619C75A037}.Debug|x86.ActiveCfg = Debug|Win32
		{9AE0D826-C9D6-4DB8-98B2-98619C75A037}.Debug|x86.Build.0 = Debug|Win32
		{9AE0D826-C9D6-4DB8-98B2-98619C75A037}.Release|x64.ActiveCfg = Release|x64
		{9AE0D826-C9D6-4DB8-98B2-98619C75A037}.Release|x64.Build.0 = Release|x64
		{9AE0D826-C9D6-4DB8-98B2-98619C75A037}.Release|x86.ActiveCfg = Release|Win32
		{9AE0D826-C9D6-4DB8-98B2-98619C75A037}.Release|x86.Build.0 = Release|Win32
		{3B7A8706-A317-4337-8394-5533B608B457}.Debug|x64.ActiveCfg = Debug|x64
		{3B7A8706-A317-4337-8394-5533B608B457}.Debug|x64.Build.0 = Debug|x64
		{3B7A8706-A317-4337-8394-5533B608B457}.Debug|x86.ActiveCfg = Debug|Win32
		{3B7A8706-A317-4337-8394-5533B608B457}.Debug|x86.Build.0 = Debug|Win32
		{3B7A8706-A317-4337-8394-5533B608B457}.Release|x64.ActiveCfg = Release|x64
		{3B7A8706-A317-4337-8394-5533B608B457}.Release|x64.Build.0 = Release|x64
		{3B7A8706-A317-4337-8394-5533B608B457}.Release|x86.ActiveCfg = Release|Win32
		{3B7A8706-A317-4337-8394-5533B608B457}.Release|x86.Build.0 = Release|Win32
		{0AB76756-D81A-4956-9086-DDEB3998573F}.Debug|x64.ActiveCfg = Debug|x64
		{0AB76756-D81A-4956-9086-DDEB3998573F}.Debug|x64.Build.0 = Debug|x64
		{0AB76756-D81A-4956-9086-DDEB3998573F}.Debug|x86.ActiveCfg = Debug|Win32
		{0AB76756-D81A-4956-9086-DDEB3998573F}.Debug|x86.Build.0 = Debug|Win32
		{0AB76756-D81A-4956-9086-DDEB3998573F}.Release|x64.ActiveCfg = Release|x64
		{0AB76756-D81A-4956-9086-DDEB3998573F}.Release|x64.Build.0 = Release|x64
		{0AB76756-D81A-4956-9086-DDEB3998573F}.Release|x86.ActiveCfg = Release|Win32
		{0AB76756-D81A-4956-9086-DDEB3998573F}.Release|x86.Build.0 = Release|Win32
		{30DEE5DB-5D37-4F4B-A4AB-A05D66C282DD}.Debug|x64.ActiveCfg = Debug|x64
		{30DEE5DB-5D37-4F4B-A4AB-A05D66C282DD}.Debug|x64.Build.0 = Debug|x64
		{30DEE5DB-5D37-4F4B-A4AB-A05D66C282DD}.Debug|x86.ActiveCfg = Debug|Win32
		{30DEE5DB-5D37-4F4B-A4AB-A05D66C282DD}.Debug|x86.Build.0 = Debug|Win32
		{30DEE5DB-5D37-4F4B-A4AB-A05D66C282DD}.Release|x64.ActiveCfg = Release|x64
		{30DEE5DB-5D37-4F4B-A4AB-A05D66C282DD}.Release|x64.Build.0 = Release|x64
		{30DEE5DB-5D37-4F4B-A4AB-A05D66C282DD}.Release|x86.ActiveCfg = Release|Win32
		{30DEE5DB-5D37-4F4B-A4AB-A05D66C282DD}.Release|x86.Build.0 = Release|Win32
		{1D551C01-D0B9-45A6-8B42-A40B1562AD5B}.Debug|x64.ActiveCfg = Debug|x64
		{1D551C01-D0B9-45A6-8B42-A40B1562AD5B}.Debug|x64.Build.0 = Debug|x64
		{1D551C01-D0B9-45A6-8B42-A40B1562AD5B}.Debug|x86.ActiveCfg = Debug|Win32
		{1D551C01-D0B9-45A6-8B42-A40B1562AD5B}.Debug|x86.Build.0 = Debug|Win32
		{1D551C01-D0B9-45A6-8B42-A40B1562AD5B}.Release|x64.ActiveCfg = Release|x64
		{1D551C01-D0B9-45A6-8B42-A40B1562AD5B}.Release|x64.Build.0 = Release|x64
		{1D551C01-D0B9-45A6-8B42-A40B1562AD5B}.Release|x86.ActiveCfg = Release|Win32
		{1D551C01-D0B9-45A6-8B42-A40B1562AD5B}.Release|x86.Build.0 = Release|Win32
		{9AE7C132-B6D0-466F-8FC7-ACFBE3F34196}.Debug|x64.ActiveCfg = Debug|x64
		{9AE7C132-B6D0-466F-8FC7-ACFBE3F34196}.Debug|x64.Build.0 = Debug|x64
		{9AE7C132-B6D0-466F-8FC7-ACFBE3F34196}.Debug|x86.ActiveCfg = Debug|Win32
		{9AE7C132-B6D0-466F-8FC7-ACFBE3F34196}.Debug|x86.Build.0 = Debug|Win32
		{9AE7C132-B6D0-466F-8FC7-ACFBE3F34196}.Release|x64.ActiveCfg = Release|x64
		{9AE7C132-B6D0-466F-8FC7-ACFBE3F34196}.Release|x64.Build.0 = Release|x64
		{9AE7C132-B6D0-466F-8FC7-ACFBE3F34196}.Release|x86.ActiveCfg = Release|Win32
		{9AE7C132-B6D0-466F-8FC7-ACFBE3F34196}.Release|x86.Build.0 = Release|Win32
		{492A11E1-665C-4F4E-8DDE-DBC9639BDD5B}.Debug|x64.ActiveCfg = Debug|x64
		{492A11E1-665C-4F4E-8DDE-DBC9639BDD5B}.Debug|x64.Build.0 = Debug|x64
		{492A11E1-665C-4F4E-8DDE-DBC9639BDD5B}.Debug|x86.ActiveCfg = Debug|Win32
		{492A11E1-665C-4F4E-8DDE-DBC9639BDD5B}.Debug|x86.Build.0 = Debug|Win32
		{492A11E1-665C-4F4E-8DDE-DBC9639BDD5B}.Release|x64.ActiveCfg = Release|x64
		{492A11E1-665C-4F4E-8DDE-DBC9639BDD5B}.Release|x64.Build.0 = Release|x64
		{492A11E1-665C-4F4E-8DDE-DBC9639BDD5B}.Release|x86.ActiveCfg = Release|Win32
		{492A11E1-665C-4F4E-8DDE-DBC9639BDD5B}.Release|x86.Build.0 = Release|Win32
		{B47DAE87-EFC7-46E4-A51D-90434D340807}.Debug|x64.ActiveCfg = Debug|x64
		{B47DAE87-EFC7-46E4-A51D-90434D340807}.Debug|x64.Build.0 = Debug|x64
		{B47DAE87-EFC7-46E4-A51D-90434D340807}.Debug|x86.ActiveCfg = Debug|Win32
		{B47DAE87-EFC7-46E4-A51D-90434D340807}.Debug|x86.Build.0 = Debug|Win32
		{B47DAE87-EFC7-46E4-A51D-90434D340807}.Release|x64.ActiveCfg = Release|x64
		{B47DAE87-EFC7-46E4-A51D-90434D340807}.Release|x64.Build.0 = Release|x64
		{B47DAE87-EFC7-46E4-A51D-90434D340807}.Release|x86.ActiveCfg = Release|Win32
		{B47DAE87-EFC7-46E4-A51D-90434D340807}.Release|x86.Build.0 = Release|Win32
		{9AEB9027-B492-464F-959E-6678A8B67614}.Debug|x64.ActiveCfg = Debug|x64
		{9AEB9027-B492-464F-959E-6678A8B67614}.Debug|x64.Build.0 = Debug|x64
		{9AEB9027-B492-464F-959E-6678A8B67614}.Debug|x86.ActiveCfg = Debug|Win32
		{9AEB9027-B492-464F-959E-6678A8B67614}.Debug|x86.Build.0 = Debug|Win32
		{9AEB9027-B492-464F-959E-6678A8B67614}.Release|x64.ActiveCfg = Release|x64
		{9AEB9027-B492-464F-959E-6678A8B67614}.Release|x64.Build.0 = Release|x64
		{9AEB9027-B492-464F-959E-6678A8B67614}.Release|x86.ActiveCfg = Release|Win32
		{9AEB9027-B492-464F-959E-6678A8B67614}.Release|x86.Build.0 = Release|Win32
		{C1967EF0-EB5A-4074-915A-43DBCDF6AF08}.Debug|x64.ActiveCfg = Debug|x64
		{C1967EF0-EB5A-4074-915A-43DBCDF6AF08}.Debug|x64.Build.0 = Debug|x64
		{C1967EF0-EB5A-4074-915A-43DBCDF6AF08}.Debug|x86.ActiveCfg = Debug|Win32
		{C1967EF0-EB5A-4074-915A-43DBCDF6AF08}.Debug|x86.Build.0 = Debug|Win32
		{C1967EF0-EB5A-4074-915A-43DBCDF6AF08}.Release|x64.ActiveCfg = Release|x64
		{C1967EF0-EB5A-4074-915A-43DBCDF6AF08}.Release|x64.Build.0 = Release|x64
		{C1967EF0-EB5A-4074-915A-43DBCDF6AF08}.Release|x86.ActiveCfg = Release|Win32
		{C1967EF0-EB5A-4074-915A-43DBCDF6AF08}.Release|x86.Build.0 = Release|Win32
		{044559E7-C514-4986-8121-E27468564EB9}.Debug|x64.ActiveCfg = Debug|x64
		{044559E7-C514-4986-8121-E27468564EB9}.Debug|x64.Build.0 = Debug|x64
		{044559E7-C514-4986-8121-E27468564EB9}.Debug|x86.ActiveCfg = Debug|Win32
		{044559E7-C514-4986-8121-E27468564EB9}.Debug|x86.Build.0 = Debug|Win32
		{044559E7-C514-4986-8121-E27468564EB9}.Release|x64.ActiveCfg = Release|x64
		{044559E7-C514-4986-8121-E27468564EB9}.Release|x64.Build.0 = Release|x64
		{044559E7-C514-4986-8121-E27468564EB9}.Release|x86.ActiveCfg = Release|Win32
		{044559E7-C514-4986-8121-E27468564EB9}.Release|x86.Build.0 = Release|Win32
		{672C10A1-61D4-4BF1-8733-CA882A2432BC}.Debug|x64.ActiveCfg = Debug|x64
		{672C10A1-61D4-4BF1-8733-CA882A2432BC}.Debug|x64.Build.0 = Debug|x64
		{672C10A1-61D4-4BF1-8733-CA882A2432BC}.Debug|x86.ActiveCfg = Debug|Win32
		{672C10A1-61D4-4BF1-8733-CA882A2432BC}.Debug|x86.Build.0 = Debug|Win32
		{672C10A1-61D4-4BF1-8733-CA882A2432BC}.Release|x64.ActiveCfg = Release|x64
		{672C10A1-61D4-4BF1-8733-CA882A2432BC}.Release|x64.Build.0 = Release|x64
		{672C10A1-61D4-4BF1-8733-CA882A2432BC}.Release|x86.ActiveCfg = Release|Win32
		{672C10A1-61D4-4BF1-8733-CA882A2432BC}.Release|x86.Build.0 = Release|Win32
	EndGlobalSection
	GlobalSection(SolutionProperties) = preSolution
		HideSolutionNode = FALSE
	EndGlobalSection
	GlobalSection(NestedProjects) = preSolution
		{B775EFB3-4244-41A2-A8FB-5C5FCD57D31E} = {FA8F83DE-DF94-4AB3-96F9-2795B3F83887}
		{D36A3DF0-6446-4E6E-BF43-337B4A75486D} = {1B2B7C19-0DDD-481E-B0FC-3CBC1B2CBFCB}
		{1B2B7C19-0DDD-481E-B0FC-3CBC1B2CBFCB} = {FA8F83DE-DF94-4AB3-96F9-2795B3F83887}
		{17608F7B-5529-408C-9FF6-C78D9445DDD6} = {1B2B7C19-0DDD-481E-B0FC-3CBC1B2CBFCB}
		{F00CCA9D-F26D-48FC-B776-4820EC825EE1} = {1B2B7C19-0DDD-481E-B0FC-3CBC1B2CBFCB}
		{929E4DCD-D961-4EAE-9830-6BFC17194D29} = {1B2B7C19-0DDD-481E-B0FC-3CBC1B2CBFCB}
		{9AE0D826-C9D6-4DB8-98B2-98619C75A037} = {1B2B7C19-0DDD-481E-B0FC-3CBC1B2CBFCB}
		{3B7A8706-A317-4337-8394-5533B608B457} = {DAB7CF1E-C4A1-4BFC-8D57-2AD69433DD6B}
		{0AB76756-D81A-4956-9086-DDEB3998573F} = {A9031039-8C7B-41AC-953F-FC1A39C26346}
		{30DEE5DB-5D37-4F4B-A4AB-A05D66C282DD} = {A9031039-8C7B-41AC-953F-FC1A39C26346}
		{A9031039-8C7B-41AC-953F-FC1A39C26346} = {17308BF6-0334-4C4E-81B9-A2E51814626F}
		{DAB7CF1E-C4A1-4BFC-8D57-2AD69433DD6B} = {17308BF6-0334-4C4E-81B9-A2E51814626F}
		{1D551C01-D0B9-45A6-8B42-A40B1562AD5B} = {A9031039-8C7B-41AC-953F-FC1A39C26346}
		{73343828-5FE9-41A6-BAE1-63C8ECB3ED59} = {FA8F83DE-DF94-4AB3-96F9-2795B3F83887}
		{9AE7C132-B6D0-466F-8FC7-ACFBE3F34196} = {73343828-5FE9-41A6-BAE1-63C8ECB3ED59}
		{492A11E1-665C-4F4E-8DDE-DBC9639BDD5B} = {73343828-5FE9-41A6-BAE1-63C8ECB3ED59}
		{B47DAE87-EFC7-46E4-A51D-90434D340807} = {73343828-5FE9-41A6-BAE1-63C8ECB3ED59}
		{6972E928-7285-4107-9627-BABE8858585A} = {17308BF6-0334-4C4E-81B9-A2E51814626F}
		{9AEB9027-B492-464F-959E-6678A8B67614} = {6972E928-7285-4107-9627-BABE8858585A}
		{254EF0CF-3054-4AC6-94D0-4D7211801CEE} = {FA8F83DE-DF94-4AB3-96F9-2795B3F83887}
		{C1967EF0-EB5A-4074-915A-43DBCDF6AF08} = {254EF0CF-3054-4AC6-94D0-4D7211801CEE}
		{044559E7-C514-4986-8121-E27468564EB9} = {254EF0CF-3054-4AC6-94D0-4D7211801CEE}
		{672C10A1-61D4-4BF1-8733-CA882A2432BC} = {254EF0CF-3054-4AC6-94D0-4D7211801CEE}
	EndGlobalSection
	GlobalSection(ExtensibilityGlobals) = postSolution
		SolutionGuid = {B6FFC4F7-C320-44CB-87EC-457E0A0F6E27}
	EndGlobalSection
EndGlobal
