
Microsoft Visual Studio Solution File, Format Version 12.00
# Visual Studio 15
VisualStudioVersion = 15.0.28010.2046
MinimumVisualStudioVersion = 10.0.40219.1
Project("{8BC9CEB8-8B4A-11D0-8D11-00A0C91BC942}") = "HelloWorld", "Project1\Project1.vcxproj", "{B775EFB3-4244-41A2-A8FB-5C5FCD57D31E}"
EndProject
Project("{8BC9CEB8-8B4A-11D0-8D11-00A0C91BC942}") = "Aufgabe2_1", "Praktikum2\Praktikum2.vcxproj", "{D36A3DF0-6446-4E6E-BF43-337B4A75486D}"
EndProject
Project("{2150E333-8FDC-42A3-9474-1A3956D46DE8}") = "Praktikum_2", "Praktikum_2", "{1B2B7C19-0DDD-481E-B0FC-3CBC1B2CBFCB}"
EndProject
Project("{8BC9CEB8-8B4A-11D0-8D11-00A0C91BC942}") = "Aufgabe2_2", "Aufgabe2_2\Aufgabe2_2.vcxproj", "{17608F7B-5529-408C-9FF6-C78D9445DDD6}"
EndProject
Project("{8BC9CEB8-8B4A-11D0-8D11-00A0C91BC942}") = "Aufgabe2_3", "Aufgabe2_3\Aufgabe2_3.vcxproj", "{F00CCA9D-F26D-48FC-B776-4820EC825EE1}"
EndProject
Project("{8BC9CEB8-8B4A-11D0-8D11-00A0C91BC942}") = "Aufgabe2_4", "Aufgabe2_4\Aufgabe2_4.vcxproj", "{929E4DCD-D961-4EAE-9830-6BFC17194D29}"
EndProject
Project("{8BC9CEB8-8B4A-11D0-8D11-00A0C91BC942}") = "Aufgabe2_5", "Aufgabe2_5\Aufgabe2_5.vcxproj", "{9AE0D826-C9D6-4DB8-98B2-98619C75A037}"
EndProject
Project("{2150E333-8FDC-42A3-9474-1A3956D46DE8}") = "Offline-Aufgaben", "Offline-Aufgaben", "{17308BF6-0334-4C4E-81B9-A2E51814626F}"
EndProject
Project("{8BC9CEB8-8B4A-11D0-8D11-00A0C91BC942}") = "Aufgabe_1_1", "Aufgabe_1\Aufgabe_1.vcxproj", "{3B7A8706-A317-4337-8394-5533B608B457}"
EndProject
Project("{8BC9CEB8-8B4A-11D0-8D11-00A0C91BC942}") = "Aufgabe_2_1", "Aufgabe_2\Aufgabe_2.vcxproj", "{0AB76756-D81A-4956-9086-DDEB3998573F}"
EndProject
Project("{8BC9CEB8-8B4A-11D0-8D11-00A0C91BC942}") = "Aufgabe_2_2", "Aufgabe_2_2\Aufgabe_2_2.vcxproj", "{30DEE5DB-5D37-4F4B-A4AB-A05D66C282DD}"
EndProject
Project("{2150E333-8FDC-42A3-9474-1A3956D46DE8}") = "Aufgabe_2", "Aufgabe_2", "{A9031039-8C7B-41AC-953F-FC1A39C26346}"
EndProject
Project("{2150E333-8FDC-42A3-9474-1A3956D46DE8}") = "Aufgabe_1", "Aufgabe_1", "{DAB7CF1E-C4A1-4BFC-8D57-2AD69433DD6B}"
EndProject
Project("{8BC9CEB8-8B4A-11D0-8D11-00A0C91BC942}") = "Aufgabe_2_3", "Aufgabe_2_3\Aufgabe_2_3.vcxproj", "{1D551C01-D0B9-45A6-8B42-A40B1562AD5B}"
EndProject
Project("{2150E333-8FDC-42A3-9474-1A3956D46DE8}") = "Praktikum_3", "Praktikum_3", "{73343828-5FE9-41A6-BAE1-63C8ECB3ED59}"
EndProject
Project("{8BC9CEB8-8B4A-11D0-8D11-00A0C91BC942}") = "Aufgabe3_1", "Aufgabe3_1\Aufgabe3_1.vcxproj", "{9AE7C132-B6D0-466F-8FC7-ACFBE3F34196}"
EndProject
Project("{8BC9CEB8-8B4A-11D0-8D11-00A0C91BC942}") = "Aufgabe3_2", "Aufgabe3_2\Aufgabe3_2.vcxproj", "{492A11E1-665C-4F4E-8DDE-DBC9639BDD5B}"
EndProject
Project("{8BC9CEB8-8B4A-11D0-8D11-00A0C91BC942}") = "Aufgabe3_3", "Aufgabe3_3\Aufgabe3_3.vcxproj", "{B47DAE87-EFC7-46E4-A51D-90434D340807}"
EndProject
Project("{2150E333-8FDC-42A3-9474-1A3956D46DE8}") = "Praktika", "Praktika", "{FA8F83DE-DF94-4AB3-96F9-2795B3F83887}"
EndProject
Project("{2150E333-8FDC-42A3-9474-1A3956D46DE8}") = "Aufgabe_3", "Aufgabe_3", "{6972E928-7285-4107-9627-BABE8858585A}"
EndProject
Project("{8BC9CEB8-8B4A-11D0-8D11-00A0C91BC942}") = "Aufgabe_3_1", "Aufagbe_3\Aufagbe_3.vcxproj", "{9AEB9027-B492-464F-959E-6678A8B67614}"
EndProject
Project("{2150E333-8FDC-42A3-9474-1A3956D46DE8}") = "Praktikum_4", "Praktikum_4", "{254EF0CF-3054-4AC6-94D0-4D7211801CEE}"
EndProject
Project("{8BC9CEB8-8B4A-11D0-8D11-00A0C91BC942}") = "Aufgabe4_1", "Aufgabe4_1\Aufgabe4_1.vcxproj", "{C1967EF0-EB5A-4074-915A-43DBCDF6AF08}"
EndProject
Project("{8BC9CEB8-8B4A-11D0-8D11-00A0C91BC942}") = "Aufgabe4_2", "Aufgabe4_2\Aufgabe4_2.vcxproj", "{044559E7-C514-4986-8121-E27468564EB9}"
EndProject
Project("{8BC9CEB8-8B4A-11D0-8D11-00A0C91BC942}") = "Aufgabe4_3", "Aufgabe4_3\Aufgabe4_3.vcxproj", "{672C10A1-61D4-4BF1-8733-CA882A2432BC}"
EndProject
Project("{2150E333-8FDC-42A3-9474-1A3956D46DE8}") = "Aufgabe_4", "Aufgabe_4", "{3122E6B1-CD9B-49C9-B40D-4F3D6E8334A0}"
EndProject
Project("{8BC9CEB8-8B4A-11D0-8D11-00A0C91BC942}") = "Aufgabe_4_5", "Aufgabe_4_5\Aufgabe_4_5.vcxproj", "{004B78E2-C014-46E6-B6F5-BA4B4EF74832}"
EndProject
Project("{8BC9CEB8-8B4A-11D0-8D11-00A0C91BC942}") = "Aufgabe_4_10", "Aufgabe_4_10\Aufgabe_4_10.vcxproj", "{6F1AF377-1B54-412E-92BF-C55870794B0F}"
EndProject
Project("{8BC9CEB8-8B4A-11D0-8D11-00A0C91BC942}") = "Aufgabe_4_12", "Aufgabe_4_12\Aufgabe_4_12.vcxproj", "{F3ABB1D4-9A1D-4FC8-AE51-417C4AB815BD}"
EndProject
Project("{2150E333-8FDC-42A3-9474-1A3956D46DE8}") = "Aufgabe_5", "Aufgabe_5", "{297719CD-2593-4D2B-AAC3-366BF1CFC27D}"
EndProject
Project("{8BC9CEB8-8B4A-11D0-8D11-00A0C91BC942}") = "Aufgabe_5_5", "Aufgabe_5_5\Aufgabe_5_5.vcxproj", "{CC42E607-497F-4D29-98FC-00D5DF575D7F}"
EndProject
Project("{2150E333-8FDC-42A3-9474-1A3956D46DE8}") = "ZwischenTestat", "ZwischenTestat", "{8A9D8B2B-1622-454C-A125-D37C02718638}"
EndProject
Project("{8BC9CEB8-8B4A-11D0-8D11-00A0C91BC942}") = "Zwischentestat", "Zwischentestat\Zwischentestat.vcxproj", "{CBF80EF4-352F-4CDE-AE30-79E9FE2830DB}"
EndProject
Project("{2150E333-8FDC-42A3-9474-1A3956D46DE8}") = "Praktikum_6", "Praktikum_6", "{A469496C-E619-41C1-97ED-1A25804F7E81}"
EndProject
Project("{8BC9CEB8-8B4A-11D0-8D11-00A0C91BC942}") = "Aufgabe6_1", "Aufgabe6_1\Aufgabe6_1.vcxproj", "{7051D901-FE56-44CF-9338-62C1AEFCB3A2}"
EndProject
Project("{8BC9CEB8-8B4A-11D0-8D11-00A0C91BC942}") = "Aufgabe6_2", "Aufgabe6_2\Aufgabe6_2.vcxproj", "{C846C430-817B-4931-8883-D048DA8CC224}"
EndProject
Project("{8BC9CEB8-8B4A-11D0-8D11-00A0C91BC942}") = "Aufgabe6_3", "Aufgabe6_3\Aufgabe6_3.vcxproj", "{BABBBBEB-4028-487D-B195-14D1042A6140}"
EndProject
Project("{2150E333-8FDC-42A3-9474-1A3956D46DE8}") = "Praktikum_7", "Praktikum_7", "{F92B65B8-4587-4658-AE49-9A286072984C}"
EndProject
Project("{8BC9CEB8-8B4A-11D0-8D11-00A0C91BC942}") = "Aufgabe7_1", "Aufgabe7_1\Aufgabe7_1.vcxproj", "{929A714E-89BF-4899-9F20-DC3956D38453}"
EndProject
Project("{8BC9CEB8-8B4A-11D0-8D11-00A0C91BC942}") = "Aufgabe7_2", "Aufgabe7_2\Aufgabe7_2.vcxproj", "{DF310BB3-E7EC-4D84-9024-439E9968AA3F}"
EndProject
Project("{8BC9CEB8-8B4A-11D0-8D11-00A0C91BC942}") = "Aufgabe_5_9", "Aufgabe_5_9\Aufgabe_5_9.vcxproj", "{4F8DBA26-3EA0-4749-86EB-56459E264529}"
EndProject
Project("{2150E333-8FDC-42A3-9474-1A3956D46DE8}") = "Praktikum_8", "Praktikum_8", "{BB6B8D9D-1E88-4054-975B-7CB2768939CB}"
EndProject
Project("{8BC9CEB8-8B4A-11D0-8D11-00A0C91BC942}") = "Aufgabe8_1", "Aufgabe8_1\Aufgabe8_1.vcxproj", "{EE42AEC4-A922-41EB-A3AA-6F679E5040A8}"
EndProject
Project("{8BC9CEB8-8B4A-11D0-8D11-00A0C91BC942}") = "Aufgabe8_2", "Aufgabe8_2\Aufgabe8_2.vcxproj", "{F4B33E27-B53F-4E16-A37C-E5B64C400A8F}"
EndProject
Project("{2150E333-8FDC-42A3-9474-1A3956D46DE8}") = "Praktikum_9", "Praktikum_9", "{3255742A-E804-43C2-8082-73C6AB60F560}"
EndProject
Project("{8BC9CEB8-8B4A-11D0-8D11-00A0C91BC942}") = "Aufgabe9_1", "Aufgabe9_1\Aufgabe9_1.vcxproj", "{B85CE36C-6FA4-4CB6-A058-17F528366859}"
EndProject
Project("{8BC9CEB8-8B4A-11D0-8D11-00A0C91BC942}") = "Aufgabe9_2", "Aufgabe9_2\Aufgabe9_2.vcxproj", "{30064564-80BD-41B2-B55D-31B5B5816F84}"
EndProject
Project("{2150E333-8FDC-42A3-9474-1A3956D46DE8}") = "Aufgabe_6", "Aufgabe_6", "{5CA5EF6F-7526-49D0-A512-D89EAE34F8CE}"
EndProject
Project("{8BC9CEB8-8B4A-11D0-8D11-00A0C91BC942}") = "Aufgabe_6_1", "Aufgabe_6_1\Aufgabe_6_1.vcxproj", "{44A6270A-0C96-43FD-8223-E74C054E6C62}"
EndProject
Project("{8BC9CEB8-8B4A-11D0-8D11-00A0C91BC942}") = "Aufgabe_6_3", "Aufgabe_6_3\Aufgabe_6_3.vcxproj", "{19EBFD53-4679-40E1-838E-87A4371E1A55}"
EndProject
Project("{2150E333-8FDC-42A3-9474-1A3956D46DE8}") = "Praktikum_10", "Praktikum_10", "{78DA817F-4A0A-4F12-8A72-1C394BF9DB8C}"
EndProject
Project("{8BC9CEB8-8B4A-11D0-8D11-00A0C91BC942}") = "Aufgabe10_1", "Aufgabe10_1\Aufgabe10_1.vcxproj", "{13EAD362-3E1D-4DFE-B9DF-B2C784441443}"
EndProject
Project("{8BC9CEB8-8B4A-11D0-8D11-00A0C91BC942}") = "Aufgabe10_2", "Aufgabe10_2\Aufgabe10_2.vcxproj", "{E4F332F6-427D-4A62-A505-D7278696F2CC}"
EndProject
Project("{2150E333-8FDC-42A3-9474-1A3956D46DE8}") = "Aufgabe_7", "Aufgabe_7", "{4DD74D67-11D7-4335-A0EE-B51A3FE41A96}"
EndProject
Project("{8BC9CEB8-8B4A-11D0-8D11-00A0C91BC942}") = "Aufgabe_7_1", "Aufgabe_7_1\Aufgabe_7_1.vcxproj", "{75E3B435-3D04-4CD7-B1C4-DE66CE097CBC}"
EndProject
Project("{8BC9CEB8-8B4A-11D0-8D11-00A0C91BC942}") = "Aufgabe_7_3", "Aufgabe_7_3\Aufgabe_7_3.vcxproj", "{F554958F-6984-4721-94C4-7C41A70C4606}"
EndProject
Project("{2150E333-8FDC-42A3-9474-1A3956D46DE8}") = "Aufgabe_8", "Aufgabe_8", "{C7F3AEF3-5904-49BC-9DE1-F0840BD22DD3}"
EndProject
Project("{8BC9CEB8-8B4A-11D0-8D11-00A0C91BC942}") = "Aufgabe_8_1", "Aufgabe_8_1\Aufgabe_8_1.vcxproj", "{40B93570-8F9E-455A-833D-3CD43D2295AE}"
EndProject
Project("{8BC9CEB8-8B4A-11D0-8D11-00A0C91BC942}") = "Aufgabe_8_6", "Aufgabe_8_6\Aufgabe_8_6.vcxproj", "{9766FB10-77A8-4041-8E66-E11C4B24DB12}"
EndProject
Project("{2150E333-8FDC-42A3-9474-1A3956D46DE8}") = "Praktikum_11", "Praktikum_11", "{C3D9017B-23BA-44D7-81FD-CD58EFAF0378}"
EndProject
Project("{8BC9CEB8-8B4A-11D0-8D11-00A0C91BC942}") = "Aufgabe11_1", "Aufgabe11_1\Aufgabe11_1.vcxproj", "{1EFDB9E9-BE34-43A1-BDD3-B30F52338B61}"
EndProject
Project("{8BC9CEB8-8B4A-11D0-8D11-00A0C91BC942}") = "Aufgabe11_3", "Aufgabe11_2\Aufgabe11_2.vcxproj", "{CC83EC48-1AFB-41E6-AFD4-3BF43C40AF86}"
EndProject
Project("{8BC9CEB8-8B4A-11D0-8D11-00A0C91BC942}") = "Aufgabe11_5", "Aufgabe11_5\Aufgabe11_5.vcxproj", "{7D42C290-979F-45C7-A4AC-F542546691D0}"
EndProject
Global
	GlobalSection(SolutionConfigurationPlatforms) = preSolution
		Debug|x64 = Debug|x64
		Debug|x86 = Debug|x86
		Release|x64 = Release|x64
		Release|x86 = Release|x86
	EndGlobalSection
	GlobalSection(ProjectConfigurationPlatforms) = postSolution
		{B775EFB3-4244-41A2-A8FB-5C5FCD57D31E}.Debug|x64.ActiveCfg = Debug|x64
		{B775EFB3-4244-41A2-A8FB-5C5FCD57D31E}.Debug|x64.Build.0 = Debug|x64
		{B775EFB3-4244-41A2-A8FB-5C5FCD57D31E}.Debug|x86.ActiveCfg = Debug|Win32
		{B775EFB3-4244-41A2-A8FB-5C5FCD57D31E}.Debug|x86.Build.0 = Debug|Win32
		{B775EFB3-4244-41A2-A8FB-5C5FCD57D31E}.Release|x64.ActiveCfg = Release|x64
		{B775EFB3-4244-41A2-A8FB-5C5FCD57D31E}.Release|x64.Build.0 = Release|x64
		{B775EFB3-4244-41A2-A8FB-5C5FCD57D31E}.Release|x86.ActiveCfg = Release|Win32
		{B775EFB3-4244-41A2-A8FB-5C5FCD57D31E}.Release|x86.Build.0 = Release|Win32
		{D36A3DF0-6446-4E6E-BF43-337B4A75486D}.Debug|x64.ActiveCfg = Debug|x64
		{D36A3DF0-6446-4E6E-BF43-337B4A75486D}.Debug|x64.Build.0 = Debug|x64
		{D36A3DF0-6446-4E6E-BF43-337B4A75486D}.Debug|x86.ActiveCfg = Debug|Win32
		{D36A3DF0-6446-4E6E-BF43-337B4A75486D}.Debug|x86.Build.0 = Debug|Win32
		{D36A3DF0-6446-4E6E-BF43-337B4A75486D}.Release|x64.ActiveCfg = Release|x64
		{D36A3DF0-6446-4E6E-BF43-337B4A75486D}.Release|x64.Build.0 = Release|x64
		{D36A3DF0-6446-4E6E-BF43-337B4A75486D}.Release|x86.ActiveCfg = Release|Win32
		{D36A3DF0-6446-4E6E-BF43-337B4A75486D}.Release|x86.Build.0 = Release|Win32
		{17608F7B-5529-408C-9FF6-C78D9445DDD6}.Debug|x64.ActiveCfg = Debug|x64
		{17608F7B-5529-408C-9FF6-C78D9445DDD6}.Debug|x64.Build.0 = Debug|x64
		{17608F7B-5529-408C-9FF6-C78D9445DDD6}.Debug|x86.ActiveCfg = Debug|Win32
		{17608F7B-5529-408C-9FF6-C78D9445DDD6}.Debug|x86.Build.0 = Debug|Win32
		{17608F7B-5529-408C-9FF6-C78D9445DDD6}.Release|x64.ActiveCfg = Release|x64
		{17608F7B-5529-408C-9FF6-C78D9445DDD6}.Release|x64.Build.0 = Release|x64
		{17608F7B-5529-408C-9FF6-C78D9445DDD6}.Release|x86.ActiveCfg = Release|Win32
		{17608F7B-5529-408C-9FF6-C78D9445DDD6}.Release|x86.Build.0 = Release|Win32
		{F00CCA9D-F26D-48FC-B776-4820EC825EE1}.Debug|x64.ActiveCfg = Debug|x64
		{F00CCA9D-F26D-48FC-B776-4820EC825EE1}.Debug|x64.Build.0 = Debug|x64
		{F00CCA9D-F26D-48FC-B776-4820EC825EE1}.Debug|x86.ActiveCfg = Debug|Win32
		{F00CCA9D-F26D-48FC-B776-4820EC825EE1}.Debug|x86.Build.0 = Debug|Win32
		{F00CCA9D-F26D-48FC-B776-4820EC825EE1}.Release|x64.ActiveCfg = Release|x64
		{F00CCA9D-F26D-48FC-B776-4820EC825EE1}.Release|x64.Build.0 = Release|x64
		{F00CCA9D-F26D-48FC-B776-4820EC825EE1}.Release|x86.ActiveCfg = Release|Win32
		{F00CCA9D-F26D-48FC-B776-4820EC825EE1}.Release|x86.Build.0 = Release|Win32
		{929E4DCD-D961-4EAE-9830-6BFC17194D29}.Debug|x64.ActiveCfg = Debug|x64
		{929E4DCD-D961-4EAE-9830-6BFC17194D29}.Debug|x64.Build.0 = Debug|x64
		{929E4DCD-D961-4EAE-9830-6BFC17194D29}.Debug|x86.ActiveCfg = Debug|Win32
		{929E4DCD-D961-4EAE-9830-6BFC17194D29}.Debug|x86.Build.0 = Debug|Win32
		{929E4DCD-D961-4EAE-9830-6BFC17194D29}.Release|x64.ActiveCfg = Release|x64
		{929E4DCD-D961-4EAE-9830-6BFC17194D29}.Release|x64.Build.0 = Release|x64
		{929E4DCD-D961-4EAE-9830-6BFC17194D29}.Release|x86.ActiveCfg = Release|Win32
		{929E4DCD-D961-4EAE-9830-6BFC17194D29}.Release|x86.Build.0 = Release|Win32
		{9AE0D826-C9D6-4DB8-98B2-98619C75A037}.Debug|x64.ActiveCfg = Debug|x64
		{9AE0D826-C9D6-4DB8-98B2-98619C75A037}.Debug|x64.Build.0 = Debug|x64
		{9AE0D826-C9D6-4DB8-98B2-98619C75A037}.Debug|x86.ActiveCfg = Debug|Win32
		{9AE0D826-C9D6-4DB8-98B2-98619C75A037}.Debug|x86.Build.0 = Debug|Win32
		{9AE0D826-C9D6-4DB8-98B2-98619C75A037}.Release|x64.ActiveCfg = Release|x64
		{9AE0D826-C9D6-4DB8-98B2-98619C75A037}.Release|x64.Build.0 = Release|x64
		{9AE0D826-C9D6-4DB8-98B2-98619C75A037}.Release|x86.ActiveCfg = Release|Win32
		{9AE0D826-C9D6-4DB8-98B2-98619C75A037}.Release|x86.Build.0 = Release|Win32
		{3B7A8706-A317-4337-8394-5533B608B457}.Debug|x64.ActiveCfg = Debug|x64
		{3B7A8706-A317-4337-8394-5533B608B457}.Debug|x64.Build.0 = Debug|x64
		{3B7A8706-A317-4337-8394-5533B608B457}.Debug|x86.ActiveCfg = Debug|Win32
		{3B7A8706-A317-4337-8394-5533B608B457}.Debug|x86.Build.0 = Debug|Win32
		{3B7A8706-A317-4337-8394-5533B608B457}.Release|x64.ActiveCfg = Release|x64
		{3B7A8706-A317-4337-8394-5533B608B457}.Release|x64.Build.0 = Release|x64
		{3B7A8706-A317-4337-8394-5533B608B457}.Release|x86.ActiveCfg = Release|Win32
		{3B7A8706-A317-4337-8394-5533B608B457}.Release|x86.Build.0 = Release|Win32
		{0AB76756-D81A-4956-9086-DDEB3998573F}.Debug|x64.ActiveCfg = Debug|x64
		{0AB76756-D81A-4956-9086-DDEB3998573F}.Debug|x64.Build.0 = Debug|x64
		{0AB76756-D81A-4956-9086-DDEB3998573F}.Debug|x86.ActiveCfg = Debug|Win32
		{0AB76756-D81A-4956-9086-DDEB3998573F}.Debug|x86.Build.0 = Debug|Win32
		{0AB76756-D81A-4956-9086-DDEB3998573F}.Release|x64.ActiveCfg = Release|x64
		{0AB76756-D81A-4956-9086-DDEB3998573F}.Release|x64.Build.0 = Release|x64
		{0AB76756-D81A-4956-9086-DDEB3998573F}.Release|x86.ActiveCfg = Release|Win32
		{0AB76756-D81A-4956-9086-DDEB3998573F}.Release|x86.Build.0 = Release|Win32
		{30DEE5DB-5D37-4F4B-A4AB-A05D66C282DD}.Debug|x64.ActiveCfg = Debug|x64
		{30DEE5DB-5D37-4F4B-A4AB-A05D66C282DD}.Debug|x64.Build.0 = Debug|x64
		{30DEE5DB-5D37-4F4B-A4AB-A05D66C282DD}.Debug|x86.ActiveCfg = Debug|Win32
		{30DEE5DB-5D37-4F4B-A4AB-A05D66C282DD}.Debug|x86.Build.0 = Debug|Win32
		{30DEE5DB-5D37-4F4B-A4AB-A05D66C282DD}.Release|x64.ActiveCfg = Release|x64
		{30DEE5DB-5D37-4F4B-A4AB-A05D66C282DD}.Release|x64.Build.0 = Release|x64
		{30DEE5DB-5D37-4F4B-A4AB-A05D66C282DD}.Release|x86.ActiveCfg = Release|Win32
		{30DEE5DB-5D37-4F4B-A4AB-A05D66C282DD}.Release|x86.Build.0 = Release|Win32
		{1D551C01-D0B9-45A6-8B42-A40B1562AD5B}.Debug|x64.ActiveCfg = Debug|x64
		{1D551C01-D0B9-45A6-8B42-A40B1562AD5B}.Debug|x64.Build.0 = Debug|x64
		{1D551C01-D0B9-45A6-8B42-A40B1562AD5B}.Debug|x86.ActiveCfg = Debug|Win32
		{1D551C01-D0B9-45A6-8B42-A40B1562AD5B}.Debug|x86.Build.0 = Debug|Win32
		{1D551C01-D0B9-45A6-8B42-A40B1562AD5B}.Release|x64.ActiveCfg = Release|x64
		{1D551C01-D0B9-45A6-8B42-A40B1562AD5B}.Release|x64.Build.0 = Release|x64
		{1D551C01-D0B9-45A6-8B42-A40B1562AD5B}.Release|x86.ActiveCfg = Release|Win32
		{1D551C01-D0B9-45A6-8B42-A40B1562AD5B}.Release|x86.Build.0 = Release|Win32
		{9AE7C132-B6D0-466F-8FC7-ACFBE3F34196}.Debug|x64.ActiveCfg = Debug|x64
		{9AE7C132-B6D0-466F-8FC7-ACFBE3F34196}.Debug|x64.Build.0 = Debug|x64
		{9AE7C132-B6D0-466F-8FC7-ACFBE3F34196}.Debug|x86.ActiveCfg = Debug|Win32
		{9AE7C132-B6D0-466F-8FC7-ACFBE3F34196}.Debug|x86.Build.0 = Debug|Win32
		{9AE7C132-B6D0-466F-8FC7-ACFBE3F34196}.Release|x64.ActiveCfg = Release|x64
		{9AE7C132-B6D0-466F-8FC7-ACFBE3F34196}.Release|x64.Build.0 = Release|x64
		{9AE7C132-B6D0-466F-8FC7-ACFBE3F34196}.Release|x86.ActiveCfg = Release|Win32
		{9AE7C132-B6D0-466F-8FC7-ACFBE3F34196}.Release|x86.Build.0 = Release|Win32
		{492A11E1-665C-4F4E-8DDE-DBC9639BDD5B}.Debug|x64.ActiveCfg = Debug|x64
		{492A11E1-665C-4F4E-8DDE-DBC9639BDD5B}.Debug|x64.Build.0 = Debug|x64
		{492A11E1-665C-4F4E-8DDE-DBC9639BDD5B}.Debug|x86.ActiveCfg = Debug|Win32
		{492A11E1-665C-4F4E-8DDE-DBC9639BDD5B}.Debug|x86.Build.0 = Debug|Win32
		{492A11E1-665C-4F4E-8DDE-DBC9639BDD5B}.Release|x64.ActiveCfg = Release|x64
		{492A11E1-665C-4F4E-8DDE-DBC9639BDD5B}.Release|x64.Build.0 = Release|x64
		{492A11E1-665C-4F4E-8DDE-DBC9639BDD5B}.Release|x86.ActiveCfg = Release|Win32
		{492A11E1-665C-4F4E-8DDE-DBC9639BDD5B}.Release|x86.Build.0 = Release|Win32
		{B47DAE87-EFC7-46E4-A51D-90434D340807}.Debug|x64.ActiveCfg = Debug|x64
		{B47DAE87-EFC7-46E4-A51D-90434D340807}.Debug|x64.Build.0 = Debug|x64
		{B47DAE87-EFC7-46E4-A51D-90434D340807}.Debug|x86.ActiveCfg = Debug|Win32
		{B47DAE87-EFC7-46E4-A51D-90434D340807}.Debug|x86.Build.0 = Debug|Win32
		{B47DAE87-EFC7-46E4-A51D-90434D340807}.Release|x64.ActiveCfg = Release|x64
		{B47DAE87-EFC7-46E4-A51D-90434D340807}.Release|x64.Build.0 = Release|x64
		{B47DAE87-EFC7-46E4-A51D-90434D340807}.Release|x86.ActiveCfg = Release|Win32
		{B47DAE87-EFC7-46E4-A51D-90434D340807}.Release|x86.Build.0 = Release|Win32
		{9AEB9027-B492-464F-959E-6678A8B67614}.Debug|x64.ActiveCfg = Debug|x64
		{9AEB9027-B492-464F-959E-6678A8B67614}.Debug|x64.Build.0 = Debug|x64
		{9AEB9027-B492-464F-959E-6678A8B67614}.Debug|x86.ActiveCfg = Debug|Win32
		{9AEB9027-B492-464F-959E-6678A8B67614}.Debug|x86.Build.0 = Debug|Win32
		{9AEB9027-B492-464F-959E-6678A8B67614}.Release|x64.ActiveCfg = Release|x64
		{9AEB9027-B492-464F-959E-6678A8B67614}.Release|x64.Build.0 = Release|x64
		{9AEB9027-B492-464F-959E-6678A8B67614}.Release|x86.ActiveCfg = Release|Win32
		{9AEB9027-B492-464F-959E-6678A8B67614}.Release|x86.Build.0 = Release|Win32
		{C1967EF0-EB5A-4074-915A-43DBCDF6AF08}.Debug|x64.ActiveCfg = Debug|x64
		{C1967EF0-EB5A-4074-915A-43DBCDF6AF08}.Debug|x64.Build.0 = Debug|x64
		{C1967EF0-EB5A-4074-915A-43DBCDF6AF08}.Debug|x86.ActiveCfg = Debug|Win32
		{C1967EF0-EB5A-4074-915A-43DBCDF6AF08}.Debug|x86.Build.0 = Debug|Win32
		{C1967EF0-EB5A-4074-915A-43DBCDF6AF08}.Release|x64.ActiveCfg = Release|x64
		{C1967EF0-EB5A-4074-915A-43DBCDF6AF08}.Release|x64.Build.0 = Release|x64
		{C1967EF0-EB5A-4074-915A-43DBCDF6AF08}.Release|x86.ActiveCfg = Release|Win32
		{C1967EF0-EB5A-4074-915A-43DBCDF6AF08}.Release|x86.Build.0 = Release|Win32
		{044559E7-C514-4986-8121-E27468564EB9}.Debug|x64.ActiveCfg = Debug|x64
		{044559E7-C514-4986-8121-E27468564EB9}.Debug|x64.Build.0 = Debug|x64
		{044559E7-C514-4986-8121-E27468564EB9}.Debug|x86.ActiveCfg = Debug|Win32
		{044559E7-C514-4986-8121-E27468564EB9}.Debug|x86.Build.0 = Debug|Win32
		{044559E7-C514-4986-8121-E27468564EB9}.Release|x64.ActiveCfg = Release|x64
		{044559E7-C514-4986-8121-E27468564EB9}.Release|x64.Build.0 = Release|x64
		{044559E7-C514-4986-8121-E27468564EB9}.Release|x86.ActiveCfg = Release|Win32
		{044559E7-C514-4986-8121-E27468564EB9}.Release|x86.Build.0 = Release|Win32
		{672C10A1-61D4-4BF1-8733-CA882A2432BC}.Debug|x64.ActiveCfg = Debug|x64
		{672C10A1-61D4-4BF1-8733-CA882A2432BC}.Debug|x64.Build.0 = Debug|x64
		{672C10A1-61D4-4BF1-8733-CA882A2432BC}.Debug|x86.ActiveCfg = Debug|Win32
		{672C10A1-61D4-4BF1-8733-CA882A2432BC}.Debug|x86.Build.0 = Debug|Win32
		{672C10A1-61D4-4BF1-8733-CA882A2432BC}.Release|x64.ActiveCfg = Release|x64
		{672C10A1-61D4-4BF1-8733-CA882A2432BC}.Release|x64.Build.0 = Release|x64
		{672C10A1-61D4-4BF1-8733-CA882A2432BC}.Release|x86.ActiveCfg = Release|Win32
		{672C10A1-61D4-4BF1-8733-CA882A2432BC}.Release|x86.Build.0 = Release|Win32
		{004B78E2-C014-46E6-B6F5-BA4B4EF74832}.Debug|x64.ActiveCfg = Debug|x64
		{004B78E2-C014-46E6-B6F5-BA4B4EF74832}.Debug|x64.Build.0 = Debug|x64
		{004B78E2-C014-46E6-B6F5-BA4B4EF74832}.Debug|x86.ActiveCfg = Debug|Win32
		{004B78E2-C014-46E6-B6F5-BA4B4EF74832}.Debug|x86.Build.0 = Debug|Win32
		{004B78E2-C014-46E6-B6F5-BA4B4EF74832}.Release|x64.ActiveCfg = Release|x64
		{004B78E2-C014-46E6-B6F5-BA4B4EF74832}.Release|x64.Build.0 = Release|x64
		{004B78E2-C014-46E6-B6F5-BA4B4EF74832}.Release|x86.ActiveCfg = Release|Win32
		{004B78E2-C014-46E6-B6F5-BA4B4EF74832}.Release|x86.Build.0 = Release|Win32
		{6F1AF377-1B54-412E-92BF-C55870794B0F}.Debug|x64.ActiveCfg = Debug|x64
		{6F1AF377-1B54-412E-92BF-C55870794B0F}.Debug|x64.Build.0 = Debug|x64
		{6F1AF377-1B54-412E-92BF-C55870794B0F}.Debug|x86.ActiveCfg = Debug|Win32
		{6F1AF377-1B54-412E-92BF-C55870794B0F}.Debug|x86.Build.0 = Debug|Win32
		{6F1AF377-1B54-412E-92BF-C55870794B0F}.Release|x64.ActiveCfg = Release|x64
		{6F1AF377-1B54-412E-92BF-C55870794B0F}.Release|x64.Build.0 = Release|x64
		{6F1AF377-1B54-412E-92BF-C55870794B0F}.Release|x86.ActiveCfg = Release|Win32
		{6F1AF377-1B54-412E-92BF-C55870794B0F}.Release|x86.Build.0 = Release|Win32
		{F3ABB1D4-9A1D-4FC8-AE51-417C4AB815BD}.Debug|x64.ActiveCfg = Debug|x64
		{F3ABB1D4-9A1D-4FC8-AE51-417C4AB815BD}.Debug|x64.Build.0 = Debug|x64
		{F3ABB1D4-9A1D-4FC8-AE51-417C4AB815BD}.Debug|x86.ActiveCfg = Debug|Win32
		{F3ABB1D4-9A1D-4FC8-AE51-417C4AB815BD}.Debug|x86.Build.0 = Debug|Win32
		{F3ABB1D4-9A1D-4FC8-AE51-417C4AB815BD}.Release|x64.ActiveCfg = Release|x64
		{F3ABB1D4-9A1D-4FC8-AE51-417C4AB815BD}.Release|x64.Build.0 = Release|x64
		{F3ABB1D4-9A1D-4FC8-AE51-417C4AB815BD}.Release|x86.ActiveCfg = Release|Win32
		{F3ABB1D4-9A1D-4FC8-AE51-417C4AB815BD}.Release|x86.Build.0 = Release|Win32
		{CC42E607-497F-4D29-98FC-00D5DF575D7F}.Debug|x64.ActiveCfg = Debug|x64
		{CC42E607-497F-4D29-98FC-00D5DF575D7F}.Debug|x64.Build.0 = Debug|x64
		{CC42E607-497F-4D29-98FC-00D5DF575D7F}.Debug|x86.ActiveCfg = Debug|Win32
		{CC42E607-497F-4D29-98FC-00D5DF575D7F}.Debug|x86.Build.0 = Debug|Win32
		{CC42E607-497F-4D29-98FC-00D5DF575D7F}.Release|x64.ActiveCfg = Release|x64
		{CC42E607-497F-4D29-98FC-00D5DF575D7F}.Release|x64.Build.0 = Release|x64
		{CC42E607-497F-4D29-98FC-00D5DF575D7F}.Release|x86.ActiveCfg = Release|Win32
		{CC42E607-497F-4D29-98FC-00D5DF575D7F}.Release|x86.Build.0 = Release|Win32
		{CBF80EF4-352F-4CDE-AE30-79E9FE2830DB}.Debug|x64.ActiveCfg = Debug|x64
		{CBF80EF4-352F-4CDE-AE30-79E9FE2830DB}.Debug|x64.Build.0 = Debug|x64
		{CBF80EF4-352F-4CDE-AE30-79E9FE2830DB}.Debug|x86.ActiveCfg = Debug|Win32
		{CBF80EF4-352F-4CDE-AE30-79E9FE2830DB}.Debug|x86.Build.0 = Debug|Win32
		{CBF80EF4-352F-4CDE-AE30-79E9FE2830DB}.Release|x64.ActiveCfg = Release|x64
		{CBF80EF4-352F-4CDE-AE30-79E9FE2830DB}.Release|x64.Build.0 = Release|x64
		{CBF80EF4-352F-4CDE-AE30-79E9FE2830DB}.Release|x86.ActiveCfg = Release|Win32
		{CBF80EF4-352F-4CDE-AE30-79E9FE2830DB}.Release|x86.Build.0 = Release|Win32
		{7051D901-FE56-44CF-9338-62C1AEFCB3A2}.Debug|x64.ActiveCfg = Debug|x64
		{7051D901-FE56-44CF-9338-62C1AEFCB3A2}.Debug|x64.Build.0 = Debug|x64
		{7051D901-FE56-44CF-9338-62C1AEFCB3A2}.Debug|x86.ActiveCfg = Debug|Win32
		{7051D901-FE56-44CF-9338-62C1AEFCB3A2}.Debug|x86.Build.0 = Debug|Win32
		{7051D901-FE56-44CF-9338-62C1AEFCB3A2}.Release|x64.ActiveCfg = Release|x64
		{7051D901-FE56-44CF-9338-62C1AEFCB3A2}.Release|x64.Build.0 = Release|x64
		{7051D901-FE56-44CF-9338-62C1AEFCB3A2}.Release|x86.ActiveCfg = Release|Win32
		{7051D901-FE56-44CF-9338-62C1AEFCB3A2}.Release|x86.Build.0 = Release|Win32
		{C846C430-817B-4931-8883-D048DA8CC224}.Debug|x64.ActiveCfg = Debug|x64
		{C846C430-817B-4931-8883-D048DA8CC224}.Debug|x64.Build.0 = Debug|x64
		{C846C430-817B-4931-8883-D048DA8CC224}.Debug|x86.ActiveCfg = Debug|Win32
		{C846C430-817B-4931-8883-D048DA8CC224}.Debug|x86.Build.0 = Debug|Win32
		{C846C430-817B-4931-8883-D048DA8CC224}.Release|x64.ActiveCfg = Release|x64
		{C846C430-817B-4931-8883-D048DA8CC224}.Release|x64.Build.0 = Release|x64
		{C846C430-817B-4931-8883-D048DA8CC224}.Release|x86.ActiveCfg = Release|Win32
		{C846C430-817B-4931-8883-D048DA8CC224}.Release|x86.Build.0 = Release|Win32
		{BABBBBEB-4028-487D-B195-14D1042A6140}.Debug|x64.ActiveCfg = Debug|x64
		{BABBBBEB-4028-487D-B195-14D1042A6140}.Debug|x64.Build.0 = Debug|x64
		{BABBBBEB-4028-487D-B195-14D1042A6140}.Debug|x86.ActiveCfg = Debug|Win32
		{BABBBBEB-4028-487D-B195-14D1042A6140}.Debug|x86.Build.0 = Debug|Win32
		{BABBBBEB-4028-487D-B195-14D1042A6140}.Release|x64.ActiveCfg = Release|x64
		{BABBBBEB-4028-487D-B195-14D1042A6140}.Release|x64.Build.0 = Release|x64
		{BABBBBEB-4028-487D-B195-14D1042A6140}.Release|x86.ActiveCfg = Release|Win32
		{BABBBBEB-4028-487D-B195-14D1042A6140}.Release|x86.Build.0 = Release|Win32
		{929A714E-89BF-4899-9F20-DC3956D38453}.Debug|x64.ActiveCfg = Debug|x64
		{929A714E-89BF-4899-9F20-DC3956D38453}.Debug|x64.Build.0 = Debug|x64
		{929A714E-89BF-4899-9F20-DC3956D38453}.Debug|x86.ActiveCfg = Debug|Win32
		{929A714E-89BF-4899-9F20-DC3956D38453}.Debug|x86.Build.0 = Debug|Win32
		{929A714E-89BF-4899-9F20-DC3956D38453}.Release|x64.ActiveCfg = Release|x64
		{929A714E-89BF-4899-9F20-DC3956D38453}.Release|x64.Build.0 = Release|x64
		{929A714E-89BF-4899-9F20-DC3956D38453}.Release|x86.ActiveCfg = Release|Win32
		{929A714E-89BF-4899-9F20-DC3956D38453}.Release|x86.Build.0 = Release|Win32
		{DF310BB3-E7EC-4D84-9024-439E9968AA3F}.Debug|x64.ActiveCfg = Debug|x64
		{DF310BB3-E7EC-4D84-9024-439E9968AA3F}.Debug|x64.Build.0 = Debug|x64
		{DF310BB3-E7EC-4D84-9024-439E9968AA3F}.Debug|x86.ActiveCfg = Debug|Win32
		{DF310BB3-E7EC-4D84-9024-439E9968AA3F}.Debug|x86.Build.0 = Debug|Win32
		{DF310BB3-E7EC-4D84-9024-439E9968AA3F}.Release|x64.ActiveCfg = Release|x64
		{DF310BB3-E7EC-4D84-9024-439E9968AA3F}.Release|x64.Build.0 = Release|x64
		{DF310BB3-E7EC-4D84-9024-439E9968AA3F}.Release|x86.ActiveCfg = Release|Win32
		{DF310BB3-E7EC-4D84-9024-439E9968AA3F}.Release|x86.Build.0 = Release|Win32
		{4F8DBA26-3EA0-4749-86EB-56459E264529}.Debug|x64.ActiveCfg = Debug|x64
		{4F8DBA26-3EA0-4749-86EB-56459E264529}.Debug|x64.Build.0 = Debug|x64
		{4F8DBA26-3EA0-4749-86EB-56459E264529}.Debug|x86.ActiveCfg = Debug|Win32
		{4F8DBA26-3EA0-4749-86EB-56459E264529}.Debug|x86.Build.0 = Debug|Win32
		{4F8DBA26-3EA0-4749-86EB-56459E264529}.Release|x64.ActiveCfg = Release|x64
		{4F8DBA26-3EA0-4749-86EB-56459E264529}.Release|x64.Build.0 = Release|x64
		{4F8DBA26-3EA0-4749-86EB-56459E264529}.Release|x86.ActiveCfg = Release|Win32
		{4F8DBA26-3EA0-4749-86EB-56459E264529}.Release|x86.Build.0 = Release|Win32
		{EE42AEC4-A922-41EB-A3AA-6F679E5040A8}.Debug|x64.ActiveCfg = Debug|x64
		{EE42AEC4-A922-41EB-A3AA-6F679E5040A8}.Debug|x64.Build.0 = Debug|x64
		{EE42AEC4-A922-41EB-A3AA-6F679E5040A8}.Debug|x86.ActiveCfg = Debug|Win32
		{EE42AEC4-A922-41EB-A3AA-6F679E5040A8}.Debug|x86.Build.0 = Debug|Win32
		{EE42AEC4-A922-41EB-A3AA-6F679E5040A8}.Release|x64.ActiveCfg = Release|x64
		{EE42AEC4-A922-41EB-A3AA-6F679E5040A8}.Release|x64.Build.0 = Release|x64
		{EE42AEC4-A922-41EB-A3AA-6F679E5040A8}.Release|x86.ActiveCfg = Release|Win32
		{EE42AEC4-A922-41EB-A3AA-6F679E5040A8}.Release|x86.Build.0 = Release|Win32
		{F4B33E27-B53F-4E16-A37C-E5B64C400A8F}.Debug|x64.ActiveCfg = Debug|x64
		{F4B33E27-B53F-4E16-A37C-E5B64C400A8F}.Debug|x64.Build.0 = Debug|x64
		{F4B33E27-B53F-4E16-A37C-E5B64C400A8F}.Debug|x86.ActiveCfg = Debug|Win32
		{F4B33E27-B53F-4E16-A37C-E5B64C400A8F}.Debug|x86.Build.0 = Debug|Win32
		{F4B33E27-B53F-4E16-A37C-E5B64C400A8F}.Release|x64.ActiveCfg = Release|x64
		{F4B33E27-B53F-4E16-A37C-E5B64C400A8F}.Release|x64.Build.0 = Release|x64
		{F4B33E27-B53F-4E16-A37C-E5B64C400A8F}.Release|x86.ActiveCfg = Release|Win32
		{F4B33E27-B53F-4E16-A37C-E5B64C400A8F}.Release|x86.Build.0 = Release|Win32
		{B85CE36C-6FA4-4CB6-A058-17F528366859}.Debug|x64.ActiveCfg = Debug|x64
		{B85CE36C-6FA4-4CB6-A058-17F528366859}.Debug|x64.Build.0 = Debug|x64
		{B85CE36C-6FA4-4CB6-A058-17F528366859}.Debug|x86.ActiveCfg = Debug|Win32
		{B85CE36C-6FA4-4CB6-A058-17F528366859}.Debug|x86.Build.0 = Debug|Win32
		{B85CE36C-6FA4-4CB6-A058-17F528366859}.Release|x64.ActiveCfg = Release|x64
		{B85CE36C-6FA4-4CB6-A058-17F528366859}.Release|x64.Build.0 = Release|x64
		{B85CE36C-6FA4-4CB6-A058-17F528366859}.Release|x86.ActiveCfg = Release|Win32
		{B85CE36C-6FA4-4CB6-A058-17F528366859}.Release|x86.Build.0 = Release|Win32
		{30064564-80BD-41B2-B55D-31B5B5816F84}.Debug|x64.ActiveCfg = Debug|x64
		{30064564-80BD-41B2-B55D-31B5B5816F84}.Debug|x64.Build.0 = Debug|x64
		{30064564-80BD-41B2-B55D-31B5B5816F84}.Debug|x86.ActiveCfg = Debug|Win32
		{30064564-80BD-41B2-B55D-31B5B5816F84}.Debug|x86.Build.0 = Debug|Win32
		{30064564-80BD-41B2-B55D-31B5B5816F84}.Release|x64.ActiveCfg = Release|x64
		{30064564-80BD-41B2-B55D-31B5B5816F84}.Release|x64.Build.0 = Release|x64
		{30064564-80BD-41B2-B55D-31B5B5816F84}.Release|x86.ActiveCfg = Release|Win32
		{30064564-80BD-41B2-B55D-31B5B5816F84}.Release|x86.Build.0 = Release|Win32
		{44A6270A-0C96-43FD-8223-E74C054E6C62}.Debug|x64.ActiveCfg = Debug|x64
		{44A6270A-0C96-43FD-8223-E74C054E6C62}.Debug|x64.Build.0 = Debug|x64
		{44A6270A-0C96-43FD-8223-E74C054E6C62}.Debug|x86.ActiveCfg = Debug|Win32
		{44A6270A-0C96-43FD-8223-E74C054E6C62}.Debug|x86.Build.0 = Debug|Win32
		{44A6270A-0C96-43FD-8223-E74C054E6C62}.Release|x64.ActiveCfg = Release|x64
		{44A6270A-0C96-43FD-8223-E74C054E6C62}.Release|x64.Build.0 = Release|x64
		{44A6270A-0C96-43FD-8223-E74C054E6C62}.Release|x86.ActiveCfg = Release|Win32
		{44A6270A-0C96-43FD-8223-E74C054E6C62}.Release|x86.Build.0 = Release|Win32
		{19EBFD53-4679-40E1-838E-87A4371E1A55}.Debug|x64.ActiveCfg = Debug|x64
		{19EBFD53-4679-40E1-838E-87A4371E1A55}.Debug|x64.Build.0 = Debug|x64
		{19EBFD53-4679-40E1-838E-87A4371E1A55}.Debug|x86.ActiveCfg = Debug|Win32
		{19EBFD53-4679-40E1-838E-87A4371E1A55}.Debug|x86.Build.0 = Debug|Win32
		{19EBFD53-4679-40E1-838E-87A4371E1A55}.Release|x64.ActiveCfg = Release|x64
		{19EBFD53-4679-40E1-838E-87A4371E1A55}.Release|x64.Build.0 = Release|x64
		{19EBFD53-4679-40E1-838E-87A4371E1A55}.Release|x86.ActiveCfg = Release|Win32
		{19EBFD53-4679-40E1-838E-87A4371E1A55}.Release|x86.Build.0 = Release|Win32
		{13EAD362-3E1D-4DFE-B9DF-B2C784441443}.Debug|x64.ActiveCfg = Debug|x64
		{13EAD362-3E1D-4DFE-B9DF-B2C784441443}.Debug|x64.Build.0 = Debug|x64
		{13EAD362-3E1D-4DFE-B9DF-B2C784441443}.Debug|x86.ActiveCfg = Debug|Win32
		{13EAD362-3E1D-4DFE-B9DF-B2C784441443}.Debug|x86.Build.0 = Debug|Win32
		{13EAD362-3E1D-4DFE-B9DF-B2C784441443}.Release|x64.ActiveCfg = Release|x64
		{13EAD362-3E1D-4DFE-B9DF-B2C784441443}.Release|x64.Build.0 = Release|x64
		{13EAD362-3E1D-4DFE-B9DF-B2C784441443}.Release|x86.ActiveCfg = Release|Win32
		{13EAD362-3E1D-4DFE-B9DF-B2C784441443}.Release|x86.Build.0 = Release|Win32
		{E4F332F6-427D-4A62-A505-D7278696F2CC}.Debug|x64.ActiveCfg = Debug|x64
		{E4F332F6-427D-4A62-A505-D7278696F2CC}.Debug|x64.Build.0 = Debug|x64
		{E4F332F6-427D-4A62-A505-D7278696F2CC}.Debug|x86.ActiveCfg = Debug|Win32
		{E4F332F6-427D-4A62-A505-D7278696F2CC}.Debug|x86.Build.0 = Debug|Win32
		{E4F332F6-427D-4A62-A505-D7278696F2CC}.Release|x64.ActiveCfg = Release|x64
		{E4F332F6-427D-4A62-A505-D7278696F2CC}.Release|x64.Build.0 = Release|x64
		{E4F332F6-427D-4A62-A505-D7278696F2CC}.Release|x86.ActiveCfg = Release|Win32
		{E4F332F6-427D-4A62-A505-D7278696F2CC}.Release|x86.Build.0 = Release|Win32
		{75E3B435-3D04-4CD7-B1C4-DE66CE097CBC}.Debug|x64.ActiveCfg = Debug|x64
		{75E3B435-3D04-4CD7-B1C4-DE66CE097CBC}.Debug|x64.Build.0 = Debug|x64
		{75E3B435-3D04-4CD7-B1C4-DE66CE097CBC}.Debug|x86.ActiveCfg = Debug|Win32
		{75E3B435-3D04-4CD7-B1C4-DE66CE097CBC}.Debug|x86.Build.0 = Debug|Win32
		{75E3B435-3D04-4CD7-B1C4-DE66CE097CBC}.Release|x64.ActiveCfg = Release|x64
		{75E3B435-3D04-4CD7-B1C4-DE66CE097CBC}.Release|x64.Build.0 = Release|x64
		{75E3B435-3D04-4CD7-B1C4-DE66CE097CBC}.Release|x86.ActiveCfg = Release|Win32
		{75E3B435-3D04-4CD7-B1C4-DE66CE097CBC}.Release|x86.Build.0 = Release|Win32
		{F554958F-6984-4721-94C4-7C41A70C4606}.Debug|x64.ActiveCfg = Debug|x64
		{F554958F-6984-4721-94C4-7C41A70C4606}.Debug|x64.Build.0 = Debug|x64
		{F554958F-6984-4721-94C4-7C41A70C4606}.Debug|x86.ActiveCfg = Debug|Win32
		{F554958F-6984-4721-94C4-7C41A70C4606}.Debug|x86.Build.0 = Debug|Win32
		{F554958F-6984-4721-94C4-7C41A70C4606}.Release|x64.ActiveCfg = Release|x64
		{F554958F-6984-4721-94C4-7C41A70C4606}.Release|x64.Build.0 = Release|x64
		{F554958F-6984-4721-94C4-7C41A70C4606}.Release|x86.ActiveCfg = Release|Win32
		{F554958F-6984-4721-94C4-7C41A70C4606}.Release|x86.Build.0 = Release|Win32
		{40B93570-8F9E-455A-833D-3CD43D2295AE}.Debug|x64.ActiveCfg = Debug|x64
		{40B93570-8F9E-455A-833D-3CD43D2295AE}.Debug|x64.Build.0 = Debug|x64
		{40B93570-8F9E-455A-833D-3CD43D2295AE}.Debug|x86.ActiveCfg = Debug|Win32
		{40B93570-8F9E-455A-833D-3CD43D2295AE}.Debug|x86.Build.0 = Debug|Win32
		{40B93570-8F9E-455A-833D-3CD43D2295AE}.Release|x64.ActiveCfg = Release|x64
		{40B93570-8F9E-455A-833D-3CD43D2295AE}.Release|x64.Build.0 = Release|x64
		{40B93570-8F9E-455A-833D-3CD43D2295AE}.Release|x86.ActiveCfg = Release|Win32
		{40B93570-8F9E-455A-833D-3CD43D2295AE}.Release|x86.Build.0 = Release|Win32
		{9766FB10-77A8-4041-8E66-E11C4B24DB12}.Debug|x64.ActiveCfg = Debug|x64
		{9766FB10-77A8-4041-8E66-E11C4B24DB12}.Debug|x64.Build.0 = Debug|x64
		{9766FB10-77A8-4041-8E66-E11C4B24DB12}.Debug|x86.ActiveCfg = Debug|Win32
		{9766FB10-77A8-4041-8E66-E11C4B24DB12}.Debug|x86.Build.0 = Debug|Win32
		{9766FB10-77A8-4041-8E66-E11C4B24DB12}.Release|x64.ActiveCfg = Release|x64
		{9766FB10-77A8-4041-8E66-E11C4B24DB12}.Release|x64.Build.0 = Release|x64
		{9766FB10-77A8-4041-8E66-E11C4B24DB12}.Release|x86.ActiveCfg = Release|Win32
		{9766FB10-77A8-4041-8E66-E11C4B24DB12}.Release|x86.Build.0 = Release|Win32
		{1EFDB9E9-BE34-43A1-BDD3-B30F52338B61}.Debug|x64.ActiveCfg = Debug|x64
		{1EFDB9E9-BE34-43A1-BDD3-B30F52338B61}.Debug|x64.Build.0 = Debug|x64
		{1EFDB9E9-BE34-43A1-BDD3-B30F52338B61}.Debug|x86.ActiveCfg = Debug|Win32
		{1EFDB9E9-BE34-43A1-BDD3-B30F52338B61}.Debug|x86.Build.0 = Debug|Win32
		{1EFDB9E9-BE34-43A1-BDD3-B30F52338B61}.Release|x64.ActiveCfg = Release|x64
		{1EFDB9E9-BE34-43A1-BDD3-B30F52338B61}.Release|x64.Build.0 = Release|x64
		{1EFDB9E9-BE34-43A1-BDD3-B30F52338B61}.Release|x86.ActiveCfg = Release|Win32
		{1EFDB9E9-BE34-43A1-BDD3-B30F52338B61}.Release|x86.Build.0 = Release|Win32
		{CC83EC48-1AFB-41E6-AFD4-3BF43C40AF86}.Debug|x64.ActiveCfg = Debug|x64
		{CC83EC48-1AFB-41E6-AFD4-3BF43C40AF86}.Debug|x64.Build.0 = Debug|x64
		{CC83EC48-1AFB-41E6-AFD4-3BF43C40AF86}.Debug|x86.ActiveCfg = Debug|Win32
		{CC83EC48-1AFB-41E6-AFD4-3BF43C40AF86}.Debug|x86.Build.0 = Debug|Win32
		{CC83EC48-1AFB-41E6-AFD4-3BF43C40AF86}.Release|x64.ActiveCfg = Release|x64
		{CC83EC48-1AFB-41E6-AFD4-3BF43C40AF86}.Release|x64.Build.0 = Release|x64
		{CC83EC48-1AFB-41E6-AFD4-3BF43C40AF86}.Release|x86.ActiveCfg = Release|Win32
		{CC83EC48-1AFB-41E6-AFD4-3BF43C40AF86}.Release|x86.Build.0 = Release|Win32
		{7D42C290-979F-45C7-A4AC-F542546691D0}.Debug|x64.ActiveCfg = Debug|x64
		{7D42C290-979F-45C7-A4AC-F542546691D0}.Debug|x64.Build.0 = Debug|x64
		{7D42C290-979F-45C7-A4AC-F542546691D0}.Debug|x86.ActiveCfg = Debug|Win32
		{7D42C290-979F-45C7-A4AC-F542546691D0}.Debug|x86.Build.0 = Debug|Win32
		{7D42C290-979F-45C7-A4AC-F542546691D0}.Release|x64.ActiveCfg = Release|x64
		{7D42C290-979F-45C7-A4AC-F542546691D0}.Release|x64.Build.0 = Release|x64
		{7D42C290-979F-45C7-A4AC-F542546691D0}.Release|x86.ActiveCfg = Release|Win32
		{7D42C290-979F-45C7-A4AC-F542546691D0}.Release|x86.Build.0 = Release|Win32
	EndGlobalSection
	GlobalSection(SolutionProperties) = preSolution
		HideSolutionNode = FALSE
	EndGlobalSection
	GlobalSection(NestedProjects) = preSolution
		{B775EFB3-4244-41A2-A8FB-5C5FCD57D31E} = {FA8F83DE-DF94-4AB3-96F9-2795B3F83887}
		{D36A3DF0-6446-4E6E-BF43-337B4A75486D} = {1B2B7C19-0DDD-481E-B0FC-3CBC1B2CBFCB}
		{1B2B7C19-0DDD-481E-B0FC-3CBC1B2CBFCB} = {FA8F83DE-DF94-4AB3-96F9-2795B3F83887}
		{17608F7B-5529-408C-9FF6-C78D9445DDD6} = {1B2B7C19-0DDD-481E-B0FC-3CBC1B2CBFCB}
		{F00CCA9D-F26D-48FC-B776-4820EC825EE1} = {1B2B7C19-0DDD-481E-B0FC-3CBC1B2CBFCB}
		{929E4DCD-D961-4EAE-9830-6BFC17194D29} = {1B2B7C19-0DDD-481E-B0FC-3CBC1B2CBFCB}
		{9AE0D826-C9D6-4DB8-98B2-98619C75A037} = {1B2B7C19-0DDD-481E-B0FC-3CBC1B2CBFCB}
		{3B7A8706-A317-4337-8394-5533B608B457} = {DAB7CF1E-C4A1-4BFC-8D57-2AD69433DD6B}
		{0AB76756-D81A-4956-9086-DDEB3998573F} = {A9031039-8C7B-41AC-953F-FC1A39C26346}
		{30DEE5DB-5D37-4F4B-A4AB-A05D66C282DD} = {A9031039-8C7B-41AC-953F-FC1A39C26346}
		{A9031039-8C7B-41AC-953F-FC1A39C26346} = {17308BF6-0334-4C4E-81B9-A2E51814626F}
		{DAB7CF1E-C4A1-4BFC-8D57-2AD69433DD6B} = {17308BF6-0334-4C4E-81B9-A2E51814626F}
		{1D551C01-D0B9-45A6-8B42-A40B1562AD5B} = {A9031039-8C7B-41AC-953F-FC1A39C26346}
		{73343828-5FE9-41A6-BAE1-63C8ECB3ED59} = {FA8F83DE-DF94-4AB3-96F9-2795B3F83887}
		{9AE7C132-B6D0-466F-8FC7-ACFBE3F34196} = {73343828-5FE9-41A6-BAE1-63C8ECB3ED59}
		{492A11E1-665C-4F4E-8DDE-DBC9639BDD5B} = {73343828-5FE9-41A6-BAE1-63C8ECB3ED59}
		{B47DAE87-EFC7-46E4-A51D-90434D340807} = {73343828-5FE9-41A6-BAE1-63C8ECB3ED59}
		{6972E928-7285-4107-9627-BABE8858585A} = {17308BF6-0334-4C4E-81B9-A2E51814626F}
		{9AEB9027-B492-464F-959E-6678A8B67614} = {6972E928-7285-4107-9627-BABE8858585A}
		{254EF0CF-3054-4AC6-94D0-4D7211801CEE} = {FA8F83DE-DF94-4AB3-96F9-2795B3F83887}
		{C1967EF0-EB5A-4074-915A-43DBCDF6AF08} = {254EF0CF-3054-4AC6-94D0-4D7211801CEE}
		{044559E7-C514-4986-8121-E27468564EB9} = {254EF0CF-3054-4AC6-94D0-4D7211801CEE}
		{672C10A1-61D4-4BF1-8733-CA882A2432BC} = {254EF0CF-3054-4AC6-94D0-4D7211801CEE}
		{3122E6B1-CD9B-49C9-B40D-4F3D6E8334A0} = {17308BF6-0334-4C4E-81B9-A2E51814626F}
		{004B78E2-C014-46E6-B6F5-BA4B4EF74832} = {3122E6B1-CD9B-49C9-B40D-4F3D6E8334A0}
		{6F1AF377-1B54-412E-92BF-C55870794B0F} = {3122E6B1-CD9B-49C9-B40D-4F3D6E8334A0}
		{F3ABB1D4-9A1D-4FC8-AE51-417C4AB815BD} = {3122E6B1-CD9B-49C9-B40D-4F3D6E8334A0}
		{297719CD-2593-4D2B-AAC3-366BF1CFC27D} = {17308BF6-0334-4C4E-81B9-A2E51814626F}
		{CC42E607-497F-4D29-98FC-00D5DF575D7F} = {297719CD-2593-4D2B-AAC3-366BF1CFC27D}
		{8A9D8B2B-1622-454C-A125-D37C02718638} = {FA8F83DE-DF94-4AB3-96F9-2795B3F83887}
		{CBF80EF4-352F-4CDE-AE30-79E9FE2830DB} = {8A9D8B2B-1622-454C-A125-D37C02718638}
		{A469496C-E619-41C1-97ED-1A25804F7E81} = {FA8F83DE-DF94-4AB3-96F9-2795B3F83887}
		{7051D901-FE56-44CF-9338-62C1AEFCB3A2} = {A469496C-E619-41C1-97ED-1A25804F7E81}
		{C846C430-817B-4931-8883-D048DA8CC224} = {A469496C-E619-41C1-97ED-1A25804F7E81}
		{BABBBBEB-4028-487D-B195-14D1042A6140} = {A469496C-E619-41C1-97ED-1A25804F7E81}
		{F92B65B8-4587-4658-AE49-9A286072984C} = {FA8F83DE-DF94-4AB3-96F9-2795B3F83887}
		{929A714E-89BF-4899-9F20-DC3956D38453} = {F92B65B8-4587-4658-AE49-9A286072984C}
		{DF310BB3-E7EC-4D84-9024-439E9968AA3F} = {F92B65B8-4587-4658-AE49-9A286072984C}
		{4F8DBA26-3EA0-4749-86EB-56459E264529} = {297719CD-2593-4D2B-AAC3-366BF1CFC27D}
		{BB6B8D9D-1E88-4054-975B-7CB2768939CB} = {FA8F83DE-DF94-4AB3-96F9-2795B3F83887}
		{EE42AEC4-A922-41EB-A3AA-6F679E5040A8} = {BB6B8D9D-1E88-4054-975B-7CB2768939CB}
		{F4B33E27-B53F-4E16-A37C-E5B64C400A8F} = {BB6B8D9D-1E88-4054-975B-7CB2768939CB}
		{3255742A-E804-43C2-8082-73C6AB60F560} = {FA8F83DE-DF94-4AB3-96F9-2795B3F83887}
		{B85CE36C-6FA4-4CB6-A058-17F528366859} = {3255742A-E804-43C2-8082-73C6AB60F560}
		{30064564-80BD-41B2-B55D-31B5B5816F84} = {3255742A-E804-43C2-8082-73C6AB60F560}
		{5CA5EF6F-7526-49D0-A512-D89EAE34F8CE} = {17308BF6-0334-4C4E-81B9-A2E51814626F}
		{44A6270A-0C96-43FD-8223-E74C054E6C62} = {5CA5EF6F-7526-49D0-A512-D89EAE34F8CE}
		{19EBFD53-4679-40E1-838E-87A4371E1A55} = {5CA5EF6F-7526-49D0-A512-D89EAE34F8CE}
		{78DA817F-4A0A-4F12-8A72-1C394BF9DB8C} = {FA8F83DE-DF94-4AB3-96F9-2795B3F83887}
		{13EAD362-3E1D-4DFE-B9DF-B2C784441443} = {78DA817F-4A0A-4F12-8A72-1C394BF9DB8C}
		{E4F332F6-427D-4A62-A505-D7278696F2CC} = {78DA817F-4A0A-4F12-8A72-1C394BF9DB8C}
		{4DD74D67-11D7-4335-A0EE-B51A3FE41A96} = {17308BF6-0334-4C4E-81B9-A2E51814626F}
		{75E3B435-3D04-4CD7-B1C4-DE66CE097CBC} = {4DD74D67-11D7-4335-A0EE-B51A3FE41A96}
		{F554958F-6984-4721-94C4-7C41A70C4606} = {4DD74D67-11D7-4335-A0EE-B51A3FE41A96}
		{C7F3AEF3-5904-49BC-9DE1-F0840BD22DD3} = {17308BF6-0334-4C4E-81B9-A2E51814626F}
		{40B93570-8F9E-455A-833D-3CD43D2295AE} = {C7F3AEF3-5904-49BC-9DE1-F0840BD22DD3}
		{9766FB10-77A8-4041-8E66-E11C4B24DB12} = {C7F3AEF3-5904-49BC-9DE1-F0840BD22DD3}
		{C3D9017B-23BA-44D7-81FD-CD58EFAF0378} = {FA8F83DE-DF94-4AB3-96F9-2795B3F83887}
		{1EFDB9E9-BE34-43A1-BDD3-B30F52338B61} = {C3D9017B-23BA-44D7-81FD-CD58EFAF0378}
		{CC83EC48-1AFB-41E6-AFD4-3BF43C40AF86} = {C3D9017B-23BA-44D7-81FD-CD58EFAF0378}
		{7D42C290-979F-45C7-A4AC-F542546691D0} = {C3D9017B-23BA-44D7-81FD-CD58EFAF0378}
	EndGlobalSection
	GlobalSection(ExtensibilityGlobals) = postSolution
		SolutionGuid = {B6FFC4F7-C320-44CB-87EC-457E0A0F6E27}
	EndGlobalSection
EndGlobal
