
Microsoft Visual Studio Solution File, Format Version 12.00
# Visual Studio 15
VisualStudioVersion = 15.0.28010.2046
MinimumVisualStudioVersion = 10.0.40219.1
Project("{8BC9CEB8-8B4A-11D0-8D11-00A0C91BC942}") = "HelloWorld", "Project1\Project1.vcxproj", "{B775EFB3-4244-41A2-A8FB-5C5FCD57D31E}"
EndProject
Project("{8BC9CEB8-8B4A-11D0-8D11-00A0C91BC942}") = "Aufgabe2_1", "Praktikum2\Praktikum2.vcxproj", "{D36A3DF0-6446-4E6E-BF43-337B4A75486D}"
EndProject
Project("{2150E333-8FDC-42A3-9474-1A3956D46DE8}") = "Praktikum_2", "Praktikum_2", "{1B2B7C19-0DDD-481E-B0FC-3CBC1B2CBFCB}"
EndProject
Project("{8BC9CEB8-8B4A-11D0-8D11-00A0C91BC942}") = "Aufgabe2_2", "Aufgabe2_2\Aufgabe2_2.vcxproj", "{17608F7B-5529-408C-9FF6-C78D9445DDD6}"
EndProject
Project("{8BC9CEB8-8B4A-11D0-8D11-00A0C91BC942}") = "Aufgabe2_3", "Aufgabe2_3\Aufgabe2_3.vcxproj", "{F00CCA9D-F26D-48FC-B776-4820EC825EE1}"
EndProject
Project("{8BC9CEB8-8B4A-11D0-8D11-00A0C91BC942}") = "Aufgabe2_4", "Aufgabe2_4\Aufgabe2_4.vcxproj", "{929E4DCD-D961-4EAE-9830-6BFC17194D29}"
EndProject
Project("{8BC9CEB8-8B4A-11D0-8D11-00A0C91BC942}") = "Aufgabe2_5", "Aufgabe2_5\Aufgabe2_5.vcxproj", "{9AE0D826-C9D6-4DB8-98B2-98619C75A037}"
EndProject
Global
	GlobalSection(SolutionConfigurationPlatforms) = preSolution
		Debug|x64 = Debug|x64
		Debug|x86 = Debug|x86
		Release|x64 = Release|x64
		Release|x86 = Release|x86
	EndGlobalSection
	GlobalSection(ProjectConfigurationPlatforms) = postSolution
		{B775EFB3-4244-41A2-A8FB-5C5FCD57D31E}.Debug|x64.ActiveCfg = Debug|x64
		{B775EFB3-4244-41A2-A8FB-5C5FCD57D31E}.Debug|x64.Build.0 = Debug|x64
		{B775EFB3-4244-41A2-A8FB-5C5FCD57D31E}.Debug|x86.ActiveCfg = Debug|Win32
		{B775EFB3-4244-41A2-A8FB-5C5FCD57D31E}.Debug|x86.Build.0 = Debug|Win32
		{B775EFB3-4244-41A2-A8FB-5C5FCD57D31E}.Release|x64.ActiveCfg = Release|x64
		{B775EFB3-4244-41A2-A8FB-5C5FCD57D31E}.Release|x64.Build.0 = Release|x64
		{B775EFB3-4244-41A2-A8FB-5C5FCD57D31E}.Release|x86.ActiveCfg = Release|Win32
		{B775EFB3-4244-41A2-A8FB-5C5FCD57D31E}.Release|x86.Build.0 = Release|Win32
		{D36A3DF0-6446-4E6E-BF43-337B4A75486D}.Debug|x64.ActiveCfg = Debug|x64
		{D36A3DF0-6446-4E6E-BF43-337B4A75486D}.Debug|x64.Build.0 = Debug|x64
		{D36A3DF0-6446-4E6E-BF43-337B4A75486D}.Debug|x86.ActiveCfg = Debug|Win32
		{D36A3DF0-6446-4E6E-BF43-337B4A75486D}.Debug|x86.Build.0 = Debug|Win32
		{D36A3DF0-6446-4E6E-BF43-337B4A75486D}.Release|x64.ActiveCfg = Release|x64
		{D36A3DF0-6446-4E6E-BF43-337B4A75486D}.Release|x64.Build.0 = Release|x64
		{D36A3DF0-6446-4E6E-BF43-337B4A75486D}.Release|x86.ActiveCfg = Release|Win32
		{D36A3DF0-6446-4E6E-BF43-337B4A75486D}.Release|x86.Build.0 = Release|Win32
		{17608F7B-5529-408C-9FF6-C78D9445DDD6}.Debug|x64.ActiveCfg = Debug|x64
		{17608F7B-5529-408C-9FF6-C78D9445DDD6}.Debug|x64.Build.0 = Debug|x64
		{17608F7B-5529-408C-9FF6-C78D9445DDD6}.Debug|x86.ActiveCfg = Debug|Win32
		{17608F7B-5529-408C-9FF6-C78D9445DDD6}.Debug|x86.Build.0 = Debug|Win32
		{17608F7B-5529-408C-9FF6-C78D9445DDD6}.Release|x64.ActiveCfg = Release|x64
		{17608F7B-5529-408C-9FF6-C78D9445DDD6}.Release|x64.Build.0 = Release|x64
		{17608F7B-5529-408C-9FF6-C78D9445DDD6}.Release|x86.ActiveCfg = Release|Win32
		{17608F7B-5529-408C-9FF6-C78D9445DDD6}.Release|x86.Build.0 = Release|Win32
		{F00CCA9D-F26D-48FC-B776-4820EC825EE1}.Debug|x64.ActiveCfg = Debug|x64
		{F00CCA9D-F26D-48FC-B776-4820EC825EE1}.Debug|x64.Build.0 = Debug|x64
		{F00CCA9D-F26D-48FC-B776-4820EC825EE1}.Debug|x86.ActiveCfg = Debug|Win32
		{F00CCA9D-F26D-48FC-B776-4820EC825EE1}.Debug|x86.Build.0 = Debug|Win32
		{F00CCA9D-F26D-48FC-B776-4820EC825EE1}.Release|x64.ActiveCfg = Release|x64
		{F00CCA9D-F26D-48FC-B776-4820EC825EE1}.Release|x64.Build.0 = Release|x64
		{F00CCA9D-F26D-48FC-B776-4820EC825EE1}.Release|x86.ActiveCfg = Release|Win32
		{F00CCA9D-F26D-48FC-B776-4820EC825EE1}.Release|x86.Build.0 = Release|Win32
		{929E4DCD-D961-4EAE-9830-6BFC17194D29}.Debug|x64.ActiveCfg = Debug|x64
		{929E4DCD-D961-4EAE-9830-6BFC17194D29}.Debug|x64.Build.0 = Debug|x64
		{929E4DCD-D961-4EAE-9830-6BFC17194D29}.Debug|x86.ActiveCfg = Debug|Win32
		{929E4DCD-D961-4EAE-9830-6BFC17194D29}.Debug|x86.Build.0 = Debug|Win32
		{929E4DCD-D961-4EAE-9830-6BFC17194D29}.Release|x64.ActiveCfg = Release|x64
		{929E4DCD-D961-4EAE-9830-6BFC17194D29}.Release|x64.Build.0 = Release|x64
		{929E4DCD-D961-4EAE-9830-6BFC17194D29}.Release|x86.ActiveCfg = Release|Win32
		{929E4DCD-D961-4EAE-9830-6BFC17194D29}.Release|x86.Build.0 = Release|Win32
		{9AE0D826-C9D6-4DB8-98B2-98619C75A037}.Debug|x64.ActiveCfg = Debug|x64
		{9AE0D826-C9D6-4DB8-98B2-98619C75A037}.Debug|x64.Build.0 = Debug|x64
		{9AE0D826-C9D6-4DB8-98B2-98619C75A037}.Debug|x86.ActiveCfg = Debug|Win32
		{9AE0D826-C9D6-4DB8-98B2-98619C75A037}.Debug|x86.Build.0 = Debug|Win32
		{9AE0D826-C9D6-4DB8-98B2-98619C75A037}.Release|x64.ActiveCfg = Release|x64
		{9AE0D826-C9D6-4DB8-98B2-98619C75A037}.Release|x64.Build.0 = Release|x64
		{9AE0D826-C9D6-4DB8-98B2-98619C75A037}.Release|x86.ActiveCfg = Release|Win32
		{9AE0D826-C9D6-4DB8-98B2-98619C75A037}.Release|x86.Build.0 = Release|Win32
	EndGlobalSection
	GlobalSection(SolutionProperties) = preSolution
		HideSolutionNode = FALSE
	EndGlobalSection
	GlobalSection(NestedProjects) = preSolution
		{D36A3DF0-6446-4E6E-BF43-337B4A75486D} = {1B2B7C19-0DDD-481E-B0FC-3CBC1B2CBFCB}
		{17608F7B-5529-408C-9FF6-C78D9445DDD6} = {1B2B7C19-0DDD-481E-B0FC-3CBC1B2CBFCB}
		{F00CCA9D-F26D-48FC-B776-4820EC825EE1} = {1B2B7C19-0DDD-481E-B0FC-3CBC1B2CBFCB}
		{929E4DCD-D961-4EAE-9830-6BFC17194D29} = {1B2B7C19-0DDD-481E-B0FC-3CBC1B2CBFCB}
		{9AE0D826-C9D6-4DB8-98B2-98619C75A037} = {1B2B7C19-0DDD-481E-B0FC-3CBC1B2CBFCB}
	EndGlobalSection
	GlobalSection(ExtensibilityGlobals) = postSolution
		SolutionGuid = {B6FFC4F7-C320-44CB-87EC-457E0A0F6E27}
	EndGlobalSection
EndGlobal
